// !$*UTF8*$!
{
	archiveVersion = 1;
	classes = {
	};
	objectVersion = 56;
	objects = {

/* Begin PBXBuildFile section */
		B605E5172A76C3E80077BF64 /* RMTableLoadingFooterView.swift in Sources */ = {isa = PBXBuildFile; fileRef = B605E5162A76C3E80077BF64 /* RMTableLoadingFooterView.swift */; };
		B61629EF2A5DE916000B4E07 /* RMGetLocationsResponse.swift in Sources */ = {isa = PBXBuildFile; fileRef = B61629EE2A5DE916000B4E07 /* RMGetLocationsResponse.swift */; };
		B61629F12A5DEE26000B4E07 /* RMLocationTableViewCell.swift in Sources */ = {isa = PBXBuildFile; fileRef = B61629F02A5DEE26000B4E07 /* RMLocationTableViewCell.swift */; };
		B61629F42A5DF10E000B4E07 /* RMLocationTableViewCellViewModel.swift in Sources */ = {isa = PBXBuildFile; fileRef = B61629F32A5DF10E000B4E07 /* RMLocationTableViewCellViewModel.swift */; };
		B61E92AF2A5F4F92009D0BA8 /* RMLocationDetailViewController.swift in Sources */ = {isa = PBXBuildFile; fileRef = B61E92AE2A5F4F92009D0BA8 /* RMLocationDetailViewController.swift */; };
		B61E92B22A5F53AC009D0BA8 /* RMLocationDetailView.swift in Sources */ = {isa = PBXBuildFile; fileRef = B61E92B12A5F53AC009D0BA8 /* RMLocationDetailView.swift */; };
		B61E92B42A5F56C9009D0BA8 /* RMLocationDetailViewViewModel.swift in Sources */ = {isa = PBXBuildFile; fileRef = B61E92B32A5F56C9009D0BA8 /* RMLocationDetailViewViewModel.swift */; };
		B62670B92A3CEC9100833E24 /* RMCharacterDetailViewController.swift in Sources */ = {isa = PBXBuildFile; fileRef = B62670B82A3CEC9100833E24 /* RMCharacterDetailViewController.swift */; };
		B62670BB2A3CEE5D00833E24 /* RMCharacterDetailView.swift in Sources */ = {isa = PBXBuildFile; fileRef = B62670BA2A3CEE5D00833E24 /* RMCharacterDetailView.swift */; };
		B62670BD2A3CEEBA00833E24 /* RMCharacterDetailViewViewModel.swift in Sources */ = {isa = PBXBuildFile; fileRef = B62670BC2A3CEEBA00833E24 /* RMCharacterDetailViewViewModel.swift */; };
		B62938DF2A3601D100B24EBB /* RMCharacterListViewViewModel.swift in Sources */ = {isa = PBXBuildFile; fileRef = B62938DE2A3601D100B24EBB /* RMCharacterListViewViewModel.swift */; };
		B62938E12A36031F00B24EBB /* RMCharacterListView.swift in Sources */ = {isa = PBXBuildFile; fileRef = B62938E02A36031F00B24EBB /* RMCharacterListView.swift */; };
		B62938E32A360E2C00B24EBB /* Extensions.swift in Sources */ = {isa = PBXBuildFile; fileRef = B62938E22A360E2C00B24EBB /* Extensions.swift */; };
		B65990442A40D42600D04C5D /* RMImageLoader.swift in Sources */ = {isa = PBXBuildFile; fileRef = B65990432A40D42600D04C5D /* RMImageLoader.swift */; };
		B670C0892A3E366E0052D417 /* RMFooterLoadingCollectionReusableView.swift in Sources */ = {isa = PBXBuildFile; fileRef = B670C0882A3E366E0052D417 /* RMFooterLoadingCollectionReusableView.swift */; };
		B6749F6D2A37A97000C7D3FC /* RMCharacterCollectionViewCell.swift in Sources */ = {isa = PBXBuildFile; fileRef = B6749F6C2A37A97000C7D3FC /* RMCharacterCollectionViewCell.swift */; };
		B6749F6F2A37AC8D00C7D3FC /* RMCharacterCollectionViewCellViewModel.swift in Sources */ = {isa = PBXBuildFile; fileRef = B6749F6E2A37AC8D00C7D3FC /* RMCharacterCollectionViewCellViewModel.swift */; };
		B6890F3D2A35186E00F90BDD /* RMGetAllCharactersResponse.swift in Sources */ = {isa = PBXBuildFile; fileRef = B6890F3C2A35186E00F90BDD /* RMGetAllCharactersResponse.swift */; };
		B6A38AF62A7164D600FB0B38 /* RMSearchOptionPickerViewController.swift in Sources */ = {isa = PBXBuildFile; fileRef = B6A38AF52A7164D600FB0B38 /* RMSearchOptionPickerViewController.swift */; };
		B6A525DC2A44E06700516444 /* RMCharacterPhotoCollectionViewCell.swift in Sources */ = {isa = PBXBuildFile; fileRef = B6A525DB2A44E06700516444 /* RMCharacterPhotoCollectionViewCell.swift */; };
		B6A525DE2A44E09200516444 /* RMCharacterInfoCollectionViewCell.swift in Sources */ = {isa = PBXBuildFile; fileRef = B6A525DD2A44E09200516444 /* RMCharacterInfoCollectionViewCell.swift */; };
		B6A525E02A44E0D300516444 /* RMCharacterEpisodeCollectionViewCell.swift in Sources */ = {isa = PBXBuildFile; fileRef = B6A525DF2A44E0D300516444 /* RMCharacterEpisodeCollectionViewCell.swift */; };
		B6A525E32A44E18A00516444 /* RMCharacterPhotoCollectionViewCellViewModel.swift in Sources */ = {isa = PBXBuildFile; fileRef = B6A525E22A44E18A00516444 /* RMCharacterPhotoCollectionViewCellViewModel.swift */; };
		B6A525E52A44E1C400516444 /* RMCharacterInfoCollectionViewCellViewModel.swift in Sources */ = {isa = PBXBuildFile; fileRef = B6A525E42A44E1C400516444 /* RMCharacterInfoCollectionViewCellViewModel.swift */; };
		B6A525E72A44E20100516444 /* RMCharacterEpisodeCollectionViewCellViewModel.swift in Sources */ = {isa = PBXBuildFile; fileRef = B6A525E62A44E20100516444 /* RMCharacterEpisodeCollectionViewCellViewModel.swift */; };
		B6A56AF42A60243F00069240 /* RMSearchView.swift in Sources */ = {isa = PBXBuildFile; fileRef = B6A56AF32A60243F00069240 /* RMSearchView.swift */; };
		B6A56AF62A6025EE00069240 /* RMSearchViewViewModel.swift in Sources */ = {isa = PBXBuildFile; fileRef = B6A56AF52A6025EE00069240 /* RMSearchViewViewModel.swift */; };
		B6A56AF82A602A2600069240 /* RMNoSearchResultsView.swift in Sources */ = {isa = PBXBuildFile; fileRef = B6A56AF72A602A2600069240 /* RMNoSearchResultsView.swift */; };
		B6A56AFB2A602AB900069240 /* RMNoSearchResultsViewViewModel.swift in Sources */ = {isa = PBXBuildFile; fileRef = B6A56AFA2A602AB900069240 /* RMNoSearchResultsViewViewModel.swift */; };
		B6A56AFD2A602B4A00069240 /* RMSearchInputView.swift in Sources */ = {isa = PBXBuildFile; fileRef = B6A56AFC2A602B4A00069240 /* RMSearchInputView.swift */; };
		B6A56AFF2A602B8900069240 /* RMSearchInputViewViewModel.swift in Sources */ = {isa = PBXBuildFile; fileRef = B6A56AFE2A602B8900069240 /* RMSearchInputViewViewModel.swift */; };
		B6B38AC92A30D00A0001FCD3 /* RMOrigin.swift in Sources */ = {isa = PBXBuildFile; fileRef = B6B38AC82A30D00A0001FCD3 /* RMOrigin.swift */; };
		B6B38ACB2A30D1D30001FCD3 /* RMSingleLocation.swift in Sources */ = {isa = PBXBuildFile; fileRef = B6B38ACA2A30D1D30001FCD3 /* RMSingleLocation.swift */; };
		B6B38ACD2A30D51C0001FCD3 /* RMCharacterStatus.swift in Sources */ = {isa = PBXBuildFile; fileRef = B6B38ACC2A30D51C0001FCD3 /* RMCharacterStatus.swift */; };
		B6B38ACF2A30D5C50001FCD3 /* RMCharacterGender.swift in Sources */ = {isa = PBXBuildFile; fileRef = B6B38ACE2A30D5C50001FCD3 /* RMCharacterGender.swift */; };
		B6BD171C2A72FF7F00B2E565 /* RMSearchResultViewModel.swift in Sources */ = {isa = PBXBuildFile; fileRef = B6BD171B2A72FF7F00B2E565 /* RMSearchResultViewModel.swift */; };
		B6C8E8F82A5CA0D900F8198D /* RMLocationView.swift in Sources */ = {isa = PBXBuildFile; fileRef = B6C8E8F72A5CA0D900F8198D /* RMLocationView.swift */; };
		B6C8E8FA2A5CAA3100F8198D /* RMLocationViewViewModel.swift in Sources */ = {isa = PBXBuildFile; fileRef = B6C8E8F92A5CAA3100F8198D /* RMLocationViewViewModel.swift */; };
		B6CCBF562A2FC39100B1F194 /* AppDelegate.swift in Sources */ = {isa = PBXBuildFile; fileRef = B6CCBF552A2FC39100B1F194 /* AppDelegate.swift */; };
		B6CCBF582A2FC39100B1F194 /* SceneDelegate.swift in Sources */ = {isa = PBXBuildFile; fileRef = B6CCBF572A2FC39100B1F194 /* SceneDelegate.swift */; };
		B6CCBF5A2A2FC39100B1F194 /* RMTabBarController.swift in Sources */ = {isa = PBXBuildFile; fileRef = B6CCBF592A2FC39100B1F194 /* RMTabBarController.swift */; };
		B6CCBF5F2A2FC39300B1F194 /* Assets.xcassets in Resources */ = {isa = PBXBuildFile; fileRef = B6CCBF5E2A2FC39300B1F194 /* Assets.xcassets */; };
		B6CCBF622A2FC39300B1F194 /* LaunchScreen.storyboard in Resources */ = {isa = PBXBuildFile; fileRef = B6CCBF602A2FC39300B1F194 /* LaunchScreen.storyboard */; };
		B6CCBF712A2FCA7500B1F194 /* RMLocation.swift in Sources */ = {isa = PBXBuildFile; fileRef = B6CCBF702A2FCA7500B1F194 /* RMLocation.swift */; };
		B6CCBF732A2FCAB200B1F194 /* RMCharacter.swift in Sources */ = {isa = PBXBuildFile; fileRef = B6CCBF722A2FCAB200B1F194 /* RMCharacter.swift */; };
		B6CCBF752A2FCADD00B1F194 /* RMEpisode.swift in Sources */ = {isa = PBXBuildFile; fileRef = B6CCBF742A2FCADD00B1F194 /* RMEpisode.swift */; };
		B6CCBF782A2FCC6E00B1F194 /* RMCharacterViewController.swift in Sources */ = {isa = PBXBuildFile; fileRef = B6CCBF772A2FCC6E00B1F194 /* RMCharacterViewController.swift */; };
		B6CCBF7A2A2FCC9800B1F194 /* RMLocationViewController.swift in Sources */ = {isa = PBXBuildFile; fileRef = B6CCBF792A2FCC9800B1F194 /* RMLocationViewController.swift */; };
		B6CCBF7C2A2FCCC200B1F194 /* RMEpisodeViewController.swift in Sources */ = {isa = PBXBuildFile; fileRef = B6CCBF7B2A2FCCC200B1F194 /* RMEpisodeViewController.swift */; };
		B6CCBF7E2A2FCCF100B1F194 /* RMSettingsViewController.swift in Sources */ = {isa = PBXBuildFile; fileRef = B6CCBF7D2A2FCCF100B1F194 /* RMSettingsViewController.swift */; };
		B6CCBF802A2FF49900B1F194 /* RMService.swift in Sources */ = {isa = PBXBuildFile; fileRef = B6CCBF7F2A2FF49900B1F194 /* RMService.swift */; };
		B6CCBF822A2FF4E000B1F194 /* RMRequest.swift in Sources */ = {isa = PBXBuildFile; fileRef = B6CCBF812A2FF4E000B1F194 /* RMRequest.swift */; };
		B6CCBF842A2FF6EC00B1F194 /* RMEndpoint.swift in Sources */ = {isa = PBXBuildFile; fileRef = B6CCBF832A2FF6EC00B1F194 /* RMEndpoint.swift */; };
		B6D87EE42A50A2690046C8E1 /* RMEpisodeDetailViewController.swift in Sources */ = {isa = PBXBuildFile; fileRef = B6D87EE32A50A2690046C8E1 /* RMEpisodeDetailViewController.swift */; };
		B6D87EE62A50ADAA0046C8E1 /* RMAPICacheManager.swift in Sources */ = {isa = PBXBuildFile; fileRef = B6D87EE52A50ADAA0046C8E1 /* RMAPICacheManager.swift */; };
		B6D87EE82A50C0220046C8E1 /* RMEpisodeDetailViewViewModel.swift in Sources */ = {isa = PBXBuildFile; fileRef = B6D87EE72A50C0220046C8E1 /* RMEpisodeDetailViewViewModel.swift */; };
		B6D87EEA2A50C17F0046C8E1 /* RMEpisodeDetailView.swift in Sources */ = {isa = PBXBuildFile; fileRef = B6D87EE92A50C17F0046C8E1 /* RMEpisodeDetailView.swift */; };
		B6D87EED2A50D6360046C8E1 /* RMEpisodeListView.swift in Sources */ = {isa = PBXBuildFile; fileRef = B6D87EEC2A50D6360046C8E1 /* RMEpisodeListView.swift */; };
		B6D87EEF2A50DCDF0046C8E1 /* RMEpisodeListViewViewModel.swift in Sources */ = {isa = PBXBuildFile; fileRef = B6D87EEE2A50DCDF0046C8E1 /* RMEpisodeListViewViewModel.swift */; };
		B6D87EF12A50E7580046C8E1 /* RMGetAllEpisodesResponse.swift in Sources */ = {isa = PBXBuildFile; fileRef = B6D87EF02A50E7580046C8E1 /* RMGetAllEpisodesResponse.swift */; };
		B6DA8AAE2A74281100AB305F /* RMSearchResultsView.swift in Sources */ = {isa = PBXBuildFile; fileRef = B6DA8AAD2A74281100AB305F /* RMSearchResultsView.swift */; };
		B6E9E71E2A5B20F600B1CBEE /* RMSettingsViewViewModel.swift in Sources */ = {isa = PBXBuildFile; fileRef = B6E9E71D2A5B20F600B1CBEE /* RMSettingsViewViewModel.swift */; };
		B6E9E7202A5B21FA00B1CBEE /* RMSettingsCellViewModel.swift in Sources */ = {isa = PBXBuildFile; fileRef = B6E9E71F2A5B21FA00B1CBEE /* RMSettingsCellViewModel.swift */; };
		B6E9E7222A5B23A500B1CBEE /* RMSettingsOption.swift in Sources */ = {isa = PBXBuildFile; fileRef = B6E9E7212A5B23A500B1CBEE /* RMSettingsOption.swift */; };
		B6E9E7252A5B309800B1CBEE /* RMSettingsView.swift in Sources */ = {isa = PBXBuildFile; fileRef = B6E9E7242A5B309800B1CBEE /* RMSettingsView.swift */; };
		B6ECF4742A52E5B7008D150F /* RMSearchViewController.swift in Sources */ = {isa = PBXBuildFile; fileRef = B6ECF4732A52E5B7008D150F /* RMSearchViewController.swift */; };
		B6ECF4772A538D46008D150F /* RMEpisodeInfoCollectionViewCell.swift in Sources */ = {isa = PBXBuildFile; fileRef = B6ECF4762A538D46008D150F /* RMEpisodeInfoCollectionViewCell.swift */; };
		B6ECF47A2A538E2C008D150F /* RMEpisodeInfoCollectionViewCellViewModel.swift in Sources */ = {isa = PBXBuildFile; fileRef = B6ECF4792A538E2C008D150F /* RMEpisodeInfoCollectionViewCellViewModel.swift */; };
/* End PBXBuildFile section */

/* Begin PBXFileReference section */
		B605E5162A76C3E80077BF64 /* RMTableLoadingFooterView.swift */ = {isa = PBXFileReference; lastKnownFileType = sourcecode.swift; path = RMTableLoadingFooterView.swift; sourceTree = "<group>"; };
		B61629EE2A5DE916000B4E07 /* RMGetLocationsResponse.swift */ = {isa = PBXFileReference; lastKnownFileType = sourcecode.swift; path = RMGetLocationsResponse.swift; sourceTree = "<group>"; };
		B61629F02A5DEE26000B4E07 /* RMLocationTableViewCell.swift */ = {isa = PBXFileReference; lastKnownFileType = sourcecode.swift; path = RMLocationTableViewCell.swift; sourceTree = "<group>"; };
		B61629F32A5DF10E000B4E07 /* RMLocationTableViewCellViewModel.swift */ = {isa = PBXFileReference; lastKnownFileType = sourcecode.swift; path = RMLocationTableViewCellViewModel.swift; sourceTree = "<group>"; };
		B61E92AE2A5F4F92009D0BA8 /* RMLocationDetailViewController.swift */ = {isa = PBXFileReference; lastKnownFileType = sourcecode.swift; path = RMLocationDetailViewController.swift; sourceTree = "<group>"; };
		B61E92B12A5F53AC009D0BA8 /* RMLocationDetailView.swift */ = {isa = PBXFileReference; lastKnownFileType = sourcecode.swift; path = RMLocationDetailView.swift; sourceTree = "<group>"; };
		B61E92B32A5F56C9009D0BA8 /* RMLocationDetailViewViewModel.swift */ = {isa = PBXFileReference; lastKnownFileType = sourcecode.swift; path = RMLocationDetailViewViewModel.swift; sourceTree = "<group>"; };
		B62670B82A3CEC9100833E24 /* RMCharacterDetailViewController.swift */ = {isa = PBXFileReference; lastKnownFileType = sourcecode.swift; path = RMCharacterDetailViewController.swift; sourceTree = "<group>"; };
		B62670BA2A3CEE5D00833E24 /* RMCharacterDetailView.swift */ = {isa = PBXFileReference; lastKnownFileType = sourcecode.swift; path = RMCharacterDetailView.swift; sourceTree = "<group>"; };
		B62670BC2A3CEEBA00833E24 /* RMCharacterDetailViewViewModel.swift */ = {isa = PBXFileReference; lastKnownFileType = sourcecode.swift; path = RMCharacterDetailViewViewModel.swift; sourceTree = "<group>"; };
		B62938DE2A3601D100B24EBB /* RMCharacterListViewViewModel.swift */ = {isa = PBXFileReference; lastKnownFileType = sourcecode.swift; path = RMCharacterListViewViewModel.swift; sourceTree = "<group>"; };
		B62938E02A36031F00B24EBB /* RMCharacterListView.swift */ = {isa = PBXFileReference; lastKnownFileType = sourcecode.swift; path = RMCharacterListView.swift; sourceTree = "<group>"; };
		B62938E22A360E2C00B24EBB /* Extensions.swift */ = {isa = PBXFileReference; lastKnownFileType = sourcecode.swift; path = Extensions.swift; sourceTree = "<group>"; };
		B65990432A40D42600D04C5D /* RMImageLoader.swift */ = {isa = PBXFileReference; lastKnownFileType = sourcecode.swift; path = RMImageLoader.swift; sourceTree = "<group>"; };
		B670C0882A3E366E0052D417 /* RMFooterLoadingCollectionReusableView.swift */ = {isa = PBXFileReference; lastKnownFileType = sourcecode.swift; path = RMFooterLoadingCollectionReusableView.swift; sourceTree = "<group>"; };
		B6749F6C2A37A97000C7D3FC /* RMCharacterCollectionViewCell.swift */ = {isa = PBXFileReference; lastKnownFileType = sourcecode.swift; path = RMCharacterCollectionViewCell.swift; sourceTree = "<group>"; };
		B6749F6E2A37AC8D00C7D3FC /* RMCharacterCollectionViewCellViewModel.swift */ = {isa = PBXFileReference; lastKnownFileType = sourcecode.swift; path = RMCharacterCollectionViewCellViewModel.swift; sourceTree = "<group>"; };
		B6890F3C2A35186E00F90BDD /* RMGetAllCharactersResponse.swift */ = {isa = PBXFileReference; lastKnownFileType = sourcecode.swift; path = RMGetAllCharactersResponse.swift; sourceTree = "<group>"; };
		B6A38AF52A7164D600FB0B38 /* RMSearchOptionPickerViewController.swift */ = {isa = PBXFileReference; lastKnownFileType = sourcecode.swift; path = RMSearchOptionPickerViewController.swift; sourceTree = "<group>"; };
		B6A525DB2A44E06700516444 /* RMCharacterPhotoCollectionViewCell.swift */ = {isa = PBXFileReference; lastKnownFileType = sourcecode.swift; path = RMCharacterPhotoCollectionViewCell.swift; sourceTree = "<group>"; };
		B6A525DD2A44E09200516444 /* RMCharacterInfoCollectionViewCell.swift */ = {isa = PBXFileReference; lastKnownFileType = sourcecode.swift; path = RMCharacterInfoCollectionViewCell.swift; sourceTree = "<group>"; };
		B6A525DF2A44E0D300516444 /* RMCharacterEpisodeCollectionViewCell.swift */ = {isa = PBXFileReference; lastKnownFileType = sourcecode.swift; path = RMCharacterEpisodeCollectionViewCell.swift; sourceTree = "<group>"; };
		B6A525E22A44E18A00516444 /* RMCharacterPhotoCollectionViewCellViewModel.swift */ = {isa = PBXFileReference; lastKnownFileType = sourcecode.swift; path = RMCharacterPhotoCollectionViewCellViewModel.swift; sourceTree = "<group>"; };
		B6A525E42A44E1C400516444 /* RMCharacterInfoCollectionViewCellViewModel.swift */ = {isa = PBXFileReference; lastKnownFileType = sourcecode.swift; path = RMCharacterInfoCollectionViewCellViewModel.swift; sourceTree = "<group>"; };
		B6A525E62A44E20100516444 /* RMCharacterEpisodeCollectionViewCellViewModel.swift */ = {isa = PBXFileReference; lastKnownFileType = sourcecode.swift; path = RMCharacterEpisodeCollectionViewCellViewModel.swift; sourceTree = "<group>"; };
		B6A56AF32A60243F00069240 /* RMSearchView.swift */ = {isa = PBXFileReference; lastKnownFileType = sourcecode.swift; path = RMSearchView.swift; sourceTree = "<group>"; };
		B6A56AF52A6025EE00069240 /* RMSearchViewViewModel.swift */ = {isa = PBXFileReference; lastKnownFileType = sourcecode.swift; path = RMSearchViewViewModel.swift; sourceTree = "<group>"; };
		B6A56AF72A602A2600069240 /* RMNoSearchResultsView.swift */ = {isa = PBXFileReference; lastKnownFileType = sourcecode.swift; path = RMNoSearchResultsView.swift; sourceTree = "<group>"; };
		B6A56AFA2A602AB900069240 /* RMNoSearchResultsViewViewModel.swift */ = {isa = PBXFileReference; lastKnownFileType = sourcecode.swift; path = RMNoSearchResultsViewViewModel.swift; sourceTree = "<group>"; };
		B6A56AFC2A602B4A00069240 /* RMSearchInputView.swift */ = {isa = PBXFileReference; lastKnownFileType = sourcecode.swift; path = RMSearchInputView.swift; sourceTree = "<group>"; };
		B6A56AFE2A602B8900069240 /* RMSearchInputViewViewModel.swift */ = {isa = PBXFileReference; lastKnownFileType = sourcecode.swift; path = RMSearchInputViewViewModel.swift; sourceTree = "<group>"; };
		B6B38AC82A30D00A0001FCD3 /* RMOrigin.swift */ = {isa = PBXFileReference; lastKnownFileType = sourcecode.swift; path = RMOrigin.swift; sourceTree = "<group>"; };
		B6B38ACA2A30D1D30001FCD3 /* RMSingleLocation.swift */ = {isa = PBXFileReference; lastKnownFileType = sourcecode.swift; path = RMSingleLocation.swift; sourceTree = "<group>"; };
		B6B38ACC2A30D51C0001FCD3 /* RMCharacterStatus.swift */ = {isa = PBXFileReference; lastKnownFileType = sourcecode.swift; path = RMCharacterStatus.swift; sourceTree = "<group>"; };
		B6B38ACE2A30D5C50001FCD3 /* RMCharacterGender.swift */ = {isa = PBXFileReference; lastKnownFileType = sourcecode.swift; path = RMCharacterGender.swift; sourceTree = "<group>"; };
		B6BD171B2A72FF7F00B2E565 /* RMSearchResultViewModel.swift */ = {isa = PBXFileReference; lastKnownFileType = sourcecode.swift; path = RMSearchResultViewModel.swift; sourceTree = "<group>"; };
		B6C8E8F72A5CA0D900F8198D /* RMLocationView.swift */ = {isa = PBXFileReference; lastKnownFileType = sourcecode.swift; path = RMLocationView.swift; sourceTree = "<group>"; };
		B6C8E8F92A5CAA3100F8198D /* RMLocationViewViewModel.swift */ = {isa = PBXFileReference; lastKnownFileType = sourcecode.swift; path = RMLocationViewViewModel.swift; sourceTree = "<group>"; };
		B6CCBF522A2FC39100B1F194 /* RickAndMorty.app */ = {isa = PBXFileReference; explicitFileType = wrapper.application; includeInIndex = 0; path = RickAndMorty.app; sourceTree = BUILT_PRODUCTS_DIR; };
		B6CCBF552A2FC39100B1F194 /* AppDelegate.swift */ = {isa = PBXFileReference; lastKnownFileType = sourcecode.swift; path = AppDelegate.swift; sourceTree = "<group>"; };
		B6CCBF572A2FC39100B1F194 /* SceneDelegate.swift */ = {isa = PBXFileReference; lastKnownFileType = sourcecode.swift; path = SceneDelegate.swift; sourceTree = "<group>"; };
		B6CCBF592A2FC39100B1F194 /* RMTabBarController.swift */ = {isa = PBXFileReference; lastKnownFileType = sourcecode.swift; path = RMTabBarController.swift; sourceTree = "<group>"; };
		B6CCBF5E2A2FC39300B1F194 /* Assets.xcassets */ = {isa = PBXFileReference; lastKnownFileType = folder.assetcatalog; path = Assets.xcassets; sourceTree = "<group>"; };
		B6CCBF612A2FC39300B1F194 /* Base */ = {isa = PBXFileReference; lastKnownFileType = file.storyboard; name = Base; path = Base.lproj/LaunchScreen.storyboard; sourceTree = "<group>"; };
		B6CCBF632A2FC39300B1F194 /* Info.plist */ = {isa = PBXFileReference; lastKnownFileType = text.plist.xml; path = Info.plist; sourceTree = "<group>"; };
		B6CCBF702A2FCA7500B1F194 /* RMLocation.swift */ = {isa = PBXFileReference; lastKnownFileType = sourcecode.swift; path = RMLocation.swift; sourceTree = "<group>"; };
		B6CCBF722A2FCAB200B1F194 /* RMCharacter.swift */ = {isa = PBXFileReference; lastKnownFileType = sourcecode.swift; path = RMCharacter.swift; sourceTree = "<group>"; };
		B6CCBF742A2FCADD00B1F194 /* RMEpisode.swift */ = {isa = PBXFileReference; lastKnownFileType = sourcecode.swift; path = RMEpisode.swift; sourceTree = "<group>"; };
		B6CCBF772A2FCC6E00B1F194 /* RMCharacterViewController.swift */ = {isa = PBXFileReference; lastKnownFileType = sourcecode.swift; path = RMCharacterViewController.swift; sourceTree = "<group>"; };
		B6CCBF792A2FCC9800B1F194 /* RMLocationViewController.swift */ = {isa = PBXFileReference; lastKnownFileType = sourcecode.swift; path = RMLocationViewController.swift; sourceTree = "<group>"; };
		B6CCBF7B2A2FCCC200B1F194 /* RMEpisodeViewController.swift */ = {isa = PBXFileReference; lastKnownFileType = sourcecode.swift; path = RMEpisodeViewController.swift; sourceTree = "<group>"; };
		B6CCBF7D2A2FCCF100B1F194 /* RMSettingsViewController.swift */ = {isa = PBXFileReference; lastKnownFileType = sourcecode.swift; path = RMSettingsViewController.swift; sourceTree = "<group>"; };
		B6CCBF7F2A2FF49900B1F194 /* RMService.swift */ = {isa = PBXFileReference; lastKnownFileType = sourcecode.swift; path = RMService.swift; sourceTree = "<group>"; };
		B6CCBF812A2FF4E000B1F194 /* RMRequest.swift */ = {isa = PBXFileReference; lastKnownFileType = sourcecode.swift; path = RMRequest.swift; sourceTree = "<group>"; };
		B6CCBF832A2FF6EC00B1F194 /* RMEndpoint.swift */ = {isa = PBXFileReference; lastKnownFileType = sourcecode.swift; path = RMEndpoint.swift; sourceTree = "<group>"; };
		B6D87EE32A50A2690046C8E1 /* RMEpisodeDetailViewController.swift */ = {isa = PBXFileReference; lastKnownFileType = sourcecode.swift; path = RMEpisodeDetailViewController.swift; sourceTree = "<group>"; };
		B6D87EE52A50ADAA0046C8E1 /* RMAPICacheManager.swift */ = {isa = PBXFileReference; lastKnownFileType = sourcecode.swift; path = RMAPICacheManager.swift; sourceTree = "<group>"; };
		B6D87EE72A50C0220046C8E1 /* RMEpisodeDetailViewViewModel.swift */ = {isa = PBXFileReference; lastKnownFileType = sourcecode.swift; path = RMEpisodeDetailViewViewModel.swift; sourceTree = "<group>"; };
		B6D87EE92A50C17F0046C8E1 /* RMEpisodeDetailView.swift */ = {isa = PBXFileReference; lastKnownFileType = sourcecode.swift; path = RMEpisodeDetailView.swift; sourceTree = "<group>"; };
		B6D87EEC2A50D6360046C8E1 /* RMEpisodeListView.swift */ = {isa = PBXFileReference; lastKnownFileType = sourcecode.swift; path = RMEpisodeListView.swift; sourceTree = "<group>"; };
		B6D87EEE2A50DCDF0046C8E1 /* RMEpisodeListViewViewModel.swift */ = {isa = PBXFileReference; lastKnownFileType = sourcecode.swift; path = RMEpisodeListViewViewModel.swift; sourceTree = "<group>"; };
		B6D87EF02A50E7580046C8E1 /* RMGetAllEpisodesResponse.swift */ = {isa = PBXFileReference; lastKnownFileType = sourcecode.swift; path = RMGetAllEpisodesResponse.swift; sourceTree = "<group>"; };
		B6DA8AAD2A74281100AB305F /* RMSearchResultsView.swift */ = {isa = PBXFileReference; lastKnownFileType = sourcecode.swift; path = RMSearchResultsView.swift; sourceTree = "<group>"; };
		B6E9E71D2A5B20F600B1CBEE /* RMSettingsViewViewModel.swift */ = {isa = PBXFileReference; lastKnownFileType = sourcecode.swift; path = RMSettingsViewViewModel.swift; sourceTree = "<group>"; };
		B6E9E71F2A5B21FA00B1CBEE /* RMSettingsCellViewModel.swift */ = {isa = PBXFileReference; lastKnownFileType = sourcecode.swift; path = RMSettingsCellViewModel.swift; sourceTree = "<group>"; };
		B6E9E7212A5B23A500B1CBEE /* RMSettingsOption.swift */ = {isa = PBXFileReference; lastKnownFileType = sourcecode.swift; path = RMSettingsOption.swift; sourceTree = "<group>"; };
		B6E9E7242A5B309800B1CBEE /* RMSettingsView.swift */ = {isa = PBXFileReference; lastKnownFileType = sourcecode.swift; path = RMSettingsView.swift; sourceTree = "<group>"; };
		B6ECF4732A52E5B7008D150F /* RMSearchViewController.swift */ = {isa = PBXFileReference; lastKnownFileType = sourcecode.swift; path = RMSearchViewController.swift; sourceTree = "<group>"; };
		B6ECF4762A538D46008D150F /* RMEpisodeInfoCollectionViewCell.swift */ = {isa = PBXFileReference; lastKnownFileType = sourcecode.swift; path = RMEpisodeInfoCollectionViewCell.swift; sourceTree = "<group>"; };
		B6ECF4792A538E2C008D150F /* RMEpisodeInfoCollectionViewCellViewModel.swift */ = {isa = PBXFileReference; lastKnownFileType = sourcecode.swift; path = RMEpisodeInfoCollectionViewCellViewModel.swift; sourceTree = "<group>"; };
/* End PBXFileReference section */

/* Begin PBXFrameworksBuildPhase section */
		B6CCBF4F2A2FC39100B1F194 /* Frameworks */ = {
			isa = PBXFrameworksBuildPhase;
			buildActionMask = 2147483647;
			files = (
			);
			runOnlyForDeploymentPostprocessing = 0;
		};
/* End PBXFrameworksBuildPhase section */

/* Begin PBXGroup section */
		B61629F22A5DF040000B4E07 /* Locations */ = {
			isa = PBXGroup;
			children = (
				B6C8E8F92A5CAA3100F8198D /* RMLocationViewViewModel.swift */,
				B61629F32A5DF10E000B4E07 /* RMLocationTableViewCellViewModel.swift */,
				B61E92B32A5F56C9009D0BA8 /* RMLocationDetailViewViewModel.swift */,
			);
			path = Locations;
			sourceTree = "<group>";
		};
		B61E92B02A5F5352009D0BA8 /* LocationDetails */ = {
			isa = PBXGroup;
			children = (
				B61E92B12A5F53AC009D0BA8 /* RMLocationDetailView.swift */,
			);
			path = LocationDetails;
			sourceTree = "<group>";
		};
		B62670B72A3CEC3000833E24 /* Other */ = {
			isa = PBXGroup;
			children = (
				B6A38AF72A71673B00FB0B38 /* Search */,
				B62670B82A3CEC9100833E24 /* RMCharacterDetailViewController.swift */,
				B6D87EE32A50A2690046C8E1 /* RMEpisodeDetailViewController.swift */,
				B61E92AE2A5F4F92009D0BA8 /* RMLocationDetailViewController.swift */,
			);
			path = Other;
			sourceTree = "<group>";
		};
		B6890F3A2A35178600F90BDD /* DataTypes */ = {
			isa = PBXGroup;
			children = (
				B6CCBF702A2FCA7500B1F194 /* RMLocation.swift */,
				B6CCBF722A2FCAB200B1F194 /* RMCharacter.swift */,
				B6CCBF742A2FCADD00B1F194 /* RMEpisode.swift */,
				B6B38AC82A30D00A0001FCD3 /* RMOrigin.swift */,
				B6B38ACA2A30D1D30001FCD3 /* RMSingleLocation.swift */,
				B6B38ACC2A30D51C0001FCD3 /* RMCharacterStatus.swift */,
				B6B38ACE2A30D5C50001FCD3 /* RMCharacterGender.swift */,
			);
			path = DataTypes;
			sourceTree = "<group>";
		};
		B6890F3B2A3517CF00F90BDD /* APIResponseTypes */ = {
			isa = PBXGroup;
			children = (
				B6890F3C2A35186E00F90BDD /* RMGetAllCharactersResponse.swift */,
				B6D87EF02A50E7580046C8E1 /* RMGetAllEpisodesResponse.swift */,
				B61629EE2A5DE916000B4E07 /* RMGetLocationsResponse.swift */,
			);
			path = APIResponseTypes;
			sourceTree = "<group>";
		};
		B6A38AF72A71673B00FB0B38 /* Search */ = {
			isa = PBXGroup;
			children = (
				B6ECF4732A52E5B7008D150F /* RMSearchViewController.swift */,
				B6A38AF52A7164D600FB0B38 /* RMSearchOptionPickerViewController.swift */,
			);
			path = Search;
			sourceTree = "<group>";
		};
		B6A525D92A44DF9500516444 /* CharacterDetails */ = {
			isa = PBXGroup;
			children = (
				B62670BA2A3CEE5D00833E24 /* RMCharacterDetailView.swift */,
				B6A525DB2A44E06700516444 /* RMCharacterPhotoCollectionViewCell.swift */,
				B6A525DD2A44E09200516444 /* RMCharacterInfoCollectionViewCell.swift */,
				B6A525DF2A44E0D300516444 /* RMCharacterEpisodeCollectionViewCell.swift */,
			);
			path = CharacterDetails;
			sourceTree = "<group>";
		};
		B6A525DA2A44E00500516444 /* Character */ = {
			isa = PBXGroup;
			children = (
				B62938E02A36031F00B24EBB /* RMCharacterListView.swift */,
				B6749F6C2A37A97000C7D3FC /* RMCharacterCollectionViewCell.swift */,
			);
			path = Character;
			sourceTree = "<group>";
		};
		B6A525E12A44E10400516444 /* CharacterDetail */ = {
			isa = PBXGroup;
			children = (
				B62670BC2A3CEEBA00833E24 /* RMCharacterDetailViewViewModel.swift */,
				B6A525E22A44E18A00516444 /* RMCharacterPhotoCollectionViewCellViewModel.swift */,
				B6A525E42A44E1C400516444 /* RMCharacterInfoCollectionViewCellViewModel.swift */,
				B6A525E62A44E20100516444 /* RMCharacterEpisodeCollectionViewCellViewModel.swift */,
			);
			path = CharacterDetail;
			sourceTree = "<group>";
		};
		B6A56AF22A6023F600069240 /* Search */ = {
			isa = PBXGroup;
			children = (
				B6A56AF32A60243F00069240 /* RMSearchView.swift */,
				B6A56AF72A602A2600069240 /* RMNoSearchResultsView.swift */,
				B6A56AFC2A602B4A00069240 /* RMSearchInputView.swift */,
				B6DA8AAD2A74281100AB305F /* RMSearchResultsView.swift */,
			);
			path = Search;
			sourceTree = "<group>";
		};
		B6A56AF92A602A7400069240 /* Search */ = {
			isa = PBXGroup;
			children = (
				B6A56AF52A6025EE00069240 /* RMSearchViewViewModel.swift */,
				B6A56AFA2A602AB900069240 /* RMNoSearchResultsViewViewModel.swift */,
				B6A56AFE2A602B8900069240 /* RMSearchInputViewViewModel.swift */,
				B6BD171B2A72FF7F00B2E565 /* RMSearchResultViewModel.swift */,
			);
			path = Search;
			sourceTree = "<group>";
		};
		B6C8E8F62A5CA06B00F8198D /* Location */ = {
			isa = PBXGroup;
			children = (
				B6C8E8F72A5CA0D900F8198D /* RMLocationView.swift */,
				B61629F02A5DEE26000B4E07 /* RMLocationTableViewCell.swift */,
				B605E5162A76C3E80077BF64 /* RMTableLoadingFooterView.swift */,
			);
			path = Location;
			sourceTree = "<group>";
		};
		B6CCBF492A2FC39100B1F194 = {
			isa = PBXGroup;
			children = (
				B6CCBF542A2FC39100B1F194 /* RickAndMorty */,
				B6CCBF532A2FC39100B1F194 /* Products */,
			);
			sourceTree = "<group>";
		};
		B6CCBF532A2FC39100B1F194 /* Products */ = {
			isa = PBXGroup;
			children = (
				B6CCBF522A2FC39100B1F194 /* RickAndMorty.app */,
			);
			name = Products;
			sourceTree = "<group>";
		};
		B6CCBF542A2FC39100B1F194 /* RickAndMorty */ = {
			isa = PBXGroup;
			children = (
				B6CCBF6F2A2FC87300B1F194 /* Resources */,
				B6CCBF6E2A2FC85000B1F194 /* Managers */,
				B6CCBF6D2A2FC7F700B1F194 /* APIClient */,
				B6CCBF6C2A2FC7DC00B1F194 /* ViewModels */,
				B6CCBF6B2A2FC7C800B1F194 /* Views */,
				B6CCBF6A2A2FC7B500B1F194 /* Models */,
				B6CCBF692A2FC78D00B1F194 /* Controllers */,
				B6CCBF632A2FC39300B1F194 /* Info.plist */,
			);
			path = RickAndMorty;
			sourceTree = "<group>";
		};
		B6CCBF692A2FC78D00B1F194 /* Controllers */ = {
			isa = PBXGroup;
			children = (
				B62670B72A3CEC3000833E24 /* Other */,
				B6CCBF762A2FCBDF00B1F194 /* Core */,
			);
			path = Controllers;
			sourceTree = "<group>";
		};
		B6CCBF6A2A2FC7B500B1F194 /* Models */ = {
			isa = PBXGroup;
			children = (
				B6890F3B2A3517CF00F90BDD /* APIResponseTypes */,
				B6890F3A2A35178600F90BDD /* DataTypes */,
			);
			path = Models;
			sourceTree = "<group>";
		};
		B6CCBF6B2A2FC7C800B1F194 /* Views */ = {
			isa = PBXGroup;
			children = (
				B6A56AF22A6023F600069240 /* Search */,
				B61E92B02A5F5352009D0BA8 /* LocationDetails */,
				B6C8E8F62A5CA06B00F8198D /* Location */,
				B6E9E7232A5B302600B1CBEE /* SwiftUI */,
				B6ECF4752A538C70008D150F /* EpisodeDetails */,
				B6D87EEB2A50D5DA0046C8E1 /* Episode */,
				B6A525D92A44DF9500516444 /* CharacterDetails */,
				B6A525DA2A44E00500516444 /* Character */,
				B670C0882A3E366E0052D417 /* RMFooterLoadingCollectionReusableView.swift */,
			);
			path = Views;
			sourceTree = "<group>";
		};
		B6CCBF6C2A2FC7DC00B1F194 /* ViewModels */ = {
			isa = PBXGroup;
			children = (
				B6A56AF92A602A7400069240 /* Search */,
				B61629F22A5DF040000B4E07 /* Locations */,
				B6E9E71B2A5B206100B1CBEE /* Settings */,
				B6ECF4782A538D94008D150F /* EpisodeDetail */,
				B6A525E12A44E10400516444 /* CharacterDetail */,
				B62938DE2A3601D100B24EBB /* RMCharacterListViewViewModel.swift */,
				B6749F6E2A37AC8D00C7D3FC /* RMCharacterCollectionViewCellViewModel.swift */,
				B6D87EEE2A50DCDF0046C8E1 /* RMEpisodeListViewViewModel.swift */,
			);
			path = ViewModels;
			sourceTree = "<group>";
		};
		B6CCBF6D2A2FC7F700B1F194 /* APIClient */ = {
			isa = PBXGroup;
			children = (
				B6CCBF7F2A2FF49900B1F194 /* RMService.swift */,
				B6CCBF812A2FF4E000B1F194 /* RMRequest.swift */,
				B6CCBF832A2FF6EC00B1F194 /* RMEndpoint.swift */,
			);
			path = APIClient;
			sourceTree = "<group>";
		};
		B6CCBF6E2A2FC85000B1F194 /* Managers */ = {
			isa = PBXGroup;
			children = (
				B65990432A40D42600D04C5D /* RMImageLoader.swift */,
				B6D87EE52A50ADAA0046C8E1 /* RMAPICacheManager.swift */,
			);
			path = Managers;
			sourceTree = "<group>";
		};
		B6CCBF6F2A2FC87300B1F194 /* Resources */ = {
			isa = PBXGroup;
			children = (
				B6CCBF5E2A2FC39300B1F194 /* Assets.xcassets */,
				B6CCBF602A2FC39300B1F194 /* LaunchScreen.storyboard */,
				B6CCBF552A2FC39100B1F194 /* AppDelegate.swift */,
				B6CCBF572A2FC39100B1F194 /* SceneDelegate.swift */,
				B62938E22A360E2C00B24EBB /* Extensions.swift */,
			);
			path = Resources;
			sourceTree = "<group>";
		};
		B6CCBF762A2FCBDF00B1F194 /* Core */ = {
			isa = PBXGroup;
			children = (
				B6CCBF592A2FC39100B1F194 /* RMTabBarController.swift */,
				B6CCBF772A2FCC6E00B1F194 /* RMCharacterViewController.swift */,
				B6CCBF792A2FCC9800B1F194 /* RMLocationViewController.swift */,
				B6CCBF7B2A2FCCC200B1F194 /* RMEpisodeViewController.swift */,
				B6CCBF7D2A2FCCF100B1F194 /* RMSettingsViewController.swift */,
			);
			path = Core;
			sourceTree = "<group>";
		};
		B6D87EEB2A50D5DA0046C8E1 /* Episode */ = {
			isa = PBXGroup;
			children = (
				B6D87EEC2A50D6360046C8E1 /* RMEpisodeListView.swift */,
			);
			path = Episode;
			sourceTree = "<group>";
		};
		B6E9E71B2A5B206100B1CBEE /* Settings */ = {
			isa = PBXGroup;
			children = (
				B6E9E71D2A5B20F600B1CBEE /* RMSettingsViewViewModel.swift */,
				B6E9E71F2A5B21FA00B1CBEE /* RMSettingsCellViewModel.swift */,
				B6E9E7212A5B23A500B1CBEE /* RMSettingsOption.swift */,
			);
			path = Settings;
			sourceTree = "<group>";
		};
		B6E9E7232A5B302600B1CBEE /* SwiftUI */ = {
			isa = PBXGroup;
			children = (
				B6E9E7242A5B309800B1CBEE /* RMSettingsView.swift */,
			);
			path = SwiftUI;
			sourceTree = "<group>";
		};
		B6ECF4752A538C70008D150F /* EpisodeDetails */ = {
			isa = PBXGroup;
			children = (
				B6D87EE92A50C17F0046C8E1 /* RMEpisodeDetailView.swift */,
				B6ECF4762A538D46008D150F /* RMEpisodeInfoCollectionViewCell.swift */,
			);
			path = EpisodeDetails;
			sourceTree = "<group>";
		};
		B6ECF4782A538D94008D150F /* EpisodeDetail */ = {
			isa = PBXGroup;
			children = (
				B6D87EE72A50C0220046C8E1 /* RMEpisodeDetailViewViewModel.swift */,
				B6ECF4792A538E2C008D150F /* RMEpisodeInfoCollectionViewCellViewModel.swift */,
			);
			path = EpisodeDetail;
			sourceTree = "<group>";
		};
/* End PBXGroup section */

/* Begin PBXNativeTarget section */
		B6CCBF512A2FC39100B1F194 /* RickAndMorty */ = {
			isa = PBXNativeTarget;
			buildConfigurationList = B6CCBF662A2FC39300B1F194 /* Build configuration list for PBXNativeTarget "RickAndMorty" */;
			buildPhases = (
				B6CCBF4E2A2FC39100B1F194 /* Sources */,
				B6CCBF4F2A2FC39100B1F194 /* Frameworks */,
				B6CCBF502A2FC39100B1F194 /* Resources */,
			);
			buildRules = (
			);
			dependencies = (
			);
			name = RickAndMorty;
			productName = RickAndMorty;
			productReference = B6CCBF522A2FC39100B1F194 /* RickAndMorty.app */;
			productType = "com.apple.product-type.application";
		};
/* End PBXNativeTarget section */

/* Begin PBXProject section */
		B6CCBF4A2A2FC39100B1F194 /* Project object */ = {
			isa = PBXProject;
			attributes = {
				BuildIndependentTargetsInParallel = 1;
				LastSwiftUpdateCheck = 1430;
				LastUpgradeCheck = 1430;
				TargetAttributes = {
					B6CCBF512A2FC39100B1F194 = {
						CreatedOnToolsVersion = 14.3.1;
					};
				};
			};
			buildConfigurationList = B6CCBF4D2A2FC39100B1F194 /* Build configuration list for PBXProject "RickAndMorty" */;
			compatibilityVersion = "Xcode 14.0";
			developmentRegion = en;
			hasScannedForEncodings = 0;
			knownRegions = (
				en,
				Base,
			);
			mainGroup = B6CCBF492A2FC39100B1F194;
			productRefGroup = B6CCBF532A2FC39100B1F194 /* Products */;
			projectDirPath = "";
			projectRoot = "";
			targets = (
				B6CCBF512A2FC39100B1F194 /* RickAndMorty */,
			);
		};
/* End PBXProject section */

/* Begin PBXResourcesBuildPhase section */
		B6CCBF502A2FC39100B1F194 /* Resources */ = {
			isa = PBXResourcesBuildPhase;
			buildActionMask = 2147483647;
			files = (
				B6CCBF622A2FC39300B1F194 /* LaunchScreen.storyboard in Resources */,
				B6CCBF5F2A2FC39300B1F194 /* Assets.xcassets in Resources */,
			);
			runOnlyForDeploymentPostprocessing = 0;
		};
/* End PBXResourcesBuildPhase section */

/* Begin PBXSourcesBuildPhase section */
		B6CCBF4E2A2FC39100B1F194 /* Sources */ = {
			isa = PBXSourcesBuildPhase;
			buildActionMask = 2147483647;
			files = (
				B6B38AC92A30D00A0001FCD3 /* RMOrigin.swift in Sources */,
				B62670BD2A3CEEBA00833E24 /* RMCharacterDetailViewViewModel.swift in Sources */,
				B6B38ACB2A30D1D30001FCD3 /* RMSingleLocation.swift in Sources */,
				B6ECF4742A52E5B7008D150F /* RMSearchViewController.swift in Sources */,
				B6A56AF62A6025EE00069240 /* RMSearchViewViewModel.swift in Sources */,
				B62938E12A36031F00B24EBB /* RMCharacterListView.swift in Sources */,
				B6A56AFB2A602AB900069240 /* RMNoSearchResultsViewViewModel.swift in Sources */,
				B6890F3D2A35186E00F90BDD /* RMGetAllCharactersResponse.swift in Sources */,
				B6B38ACD2A30D51C0001FCD3 /* RMCharacterStatus.swift in Sources */,
				B6DA8AAE2A74281100AB305F /* RMSearchResultsView.swift in Sources */,
				B6B38ACF2A30D5C50001FCD3 /* RMCharacterGender.swift in Sources */,
				B61E92B42A5F56C9009D0BA8 /* RMLocationDetailViewViewModel.swift in Sources */,
				B62670B92A3CEC9100833E24 /* RMCharacterDetailViewController.swift in Sources */,
				B6A56AF82A602A2600069240 /* RMNoSearchResultsView.swift in Sources */,
				B670C0892A3E366E0052D417 /* RMFooterLoadingCollectionReusableView.swift in Sources */,
				B6D87EED2A50D6360046C8E1 /* RMEpisodeListView.swift in Sources */,
				B605E5172A76C3E80077BF64 /* RMTableLoadingFooterView.swift in Sources */,
				B6CCBF7A2A2FCC9800B1F194 /* RMLocationViewController.swift in Sources */,
				B6CCBF752A2FCADD00B1F194 /* RMEpisode.swift in Sources */,
				B61629EF2A5DE916000B4E07 /* RMGetLocationsResponse.swift in Sources */,
				B6A525DE2A44E09200516444 /* RMCharacterInfoCollectionViewCell.swift in Sources */,
				B61629F12A5DEE26000B4E07 /* RMLocationTableViewCell.swift in Sources */,
				B6E9E71E2A5B20F600B1CBEE /* RMSettingsViewViewModel.swift in Sources */,
				B6CCBF5A2A2FC39100B1F194 /* RMTabBarController.swift in Sources */,
				B6749F6D2A37A97000C7D3FC /* RMCharacterCollectionViewCell.swift in Sources */,
				B6A525E52A44E1C400516444 /* RMCharacterInfoCollectionViewCellViewModel.swift in Sources */,
				B6A56AFF2A602B8900069240 /* RMSearchInputViewViewModel.swift in Sources */,
				B6E9E7222A5B23A500B1CBEE /* RMSettingsOption.swift in Sources */,
				B6CCBF7C2A2FCCC200B1F194 /* RMEpisodeViewController.swift in Sources */,
				B65990442A40D42600D04C5D /* RMImageLoader.swift in Sources */,
				B61E92AF2A5F4F92009D0BA8 /* RMLocationDetailViewController.swift in Sources */,
				B6CCBF562A2FC39100B1F194 /* AppDelegate.swift in Sources */,
				B6CCBF582A2FC39100B1F194 /* SceneDelegate.swift in Sources */,
				B6A525DC2A44E06700516444 /* RMCharacterPhotoCollectionViewCell.swift in Sources */,
				B6A525E72A44E20100516444 /* RMCharacterEpisodeCollectionViewCellViewModel.swift in Sources */,
				B6E9E7202A5B21FA00B1CBEE /* RMSettingsCellViewModel.swift in Sources */,
				B6E9E7252A5B309800B1CBEE /* RMSettingsView.swift in Sources */,
				B6A56AF42A60243F00069240 /* RMSearchView.swift in Sources */,
				B6CCBF7E2A2FCCF100B1F194 /* RMSettingsViewController.swift in Sources */,
				B62938E32A360E2C00B24EBB /* Extensions.swift in Sources */,
				B6A56AFD2A602B4A00069240 /* RMSearchInputView.swift in Sources */,
				B6A525E32A44E18A00516444 /* RMCharacterPhotoCollectionViewCellViewModel.swift in Sources */,
				B6CCBF802A2FF49900B1F194 /* RMService.swift in Sources */,
				B6CCBF712A2FCA7500B1F194 /* RMLocation.swift in Sources */,
				B6CCBF842A2FF6EC00B1F194 /* RMEndpoint.swift in Sources */,
				B6D87EE42A50A2690046C8E1 /* RMEpisodeDetailViewController.swift in Sources */,
				B6D87EEA2A50C17F0046C8E1 /* RMEpisodeDetailView.swift in Sources */,
				B61E92B22A5F53AC009D0BA8 /* RMLocationDetailView.swift in Sources */,
				B6A38AF62A7164D600FB0B38 /* RMSearchOptionPickerViewController.swift in Sources */,
				B61629F42A5DF10E000B4E07 /* RMLocationTableViewCellViewModel.swift in Sources */,
				B6CCBF732A2FCAB200B1F194 /* RMCharacter.swift in Sources */,
				B6749F6F2A37AC8D00C7D3FC /* RMCharacterCollectionViewCellViewModel.swift in Sources */,
				B6CCBF822A2FF4E000B1F194 /* RMRequest.swift in Sources */,
				B62938DF2A3601D100B24EBB /* RMCharacterListViewViewModel.swift in Sources */,
				B6A525E02A44E0D300516444 /* RMCharacterEpisodeCollectionViewCell.swift in Sources */,
				B6CCBF782A2FCC6E00B1F194 /* RMCharacterViewController.swift in Sources */,
				B6C8E8F82A5CA0D900F8198D /* RMLocationView.swift in Sources */,
				B6D87EEF2A50DCDF0046C8E1 /* RMEpisodeListViewViewModel.swift in Sources */,
				B6BD171C2A72FF7F00B2E565 /* RMSearchResultViewModel.swift in Sources */,
				B6D87EE62A50ADAA0046C8E1 /* RMAPICacheManager.swift in Sources */,
				B6D87EF12A50E7580046C8E1 /* RMGetAllEpisodesResponse.swift in Sources */,
				B6ECF47A2A538E2C008D150F /* RMEpisodeInfoCollectionViewCellViewModel.swift in Sources */,
				B6ECF4772A538D46008D150F /* RMEpisodeInfoCollectionViewCell.swift in Sources */,
				B6D87EE82A50C0220046C8E1 /* RMEpisodeDetailViewViewModel.swift in Sources */,
				B62670BB2A3CEE5D00833E24 /* RMCharacterDetailView.swift in Sources */,
				B6C8E8FA2A5CAA3100F8198D /* RMLocationViewViewModel.swift in Sources */,
			);
			runOnlyForDeploymentPostprocessing = 0;
		};
/* End PBXSourcesBuildPhase section */

/* Begin PBXVariantGroup section */
		B6CCBF602A2FC39300B1F194 /* LaunchScreen.storyboard */ = {
			isa = PBXVariantGroup;
			children = (
				B6CCBF612A2FC39300B1F194 /* Base */,
			);
			name = LaunchScreen.storyboard;
			sourceTree = "<group>";
		};
/* End PBXVariantGroup section */

/* Begin XCBuildConfiguration section */
		B6CCBF642A2FC39300B1F194 /* Debug */ = {
			isa = XCBuildConfiguration;
			buildSettings = {
				ALWAYS_SEARCH_USER_PATHS = NO;
				CLANG_ANALYZER_NONNULL = YES;
				CLANG_ANALYZER_NUMBER_OBJECT_CONVERSION = YES_AGGRESSIVE;
				CLANG_CXX_LANGUAGE_STANDARD = "gnu++20";
				CLANG_ENABLE_MODULES = YES;
				CLANG_ENABLE_OBJC_ARC = YES;
				CLANG_ENABLE_OBJC_WEAK = YES;
				CLANG_WARN_BLOCK_CAPTURE_AUTORELEASING = YES;
				CLANG_WARN_BOOL_CONVERSION = YES;
				CLANG_WARN_COMMA = YES;
				CLANG_WARN_CONSTANT_CONVERSION = YES;
				CLANG_WARN_DEPRECATED_OBJC_IMPLEMENTATIONS = YES;
				CLANG_WARN_DIRECT_OBJC_ISA_USAGE = YES_ERROR;
				CLANG_WARN_DOCUMENTATION_COMMENTS = YES;
				CLANG_WARN_EMPTY_BODY = YES;
				CLANG_WARN_ENUM_CONVERSION = YES;
				CLANG_WARN_INFINITE_RECURSION = YES;
				CLANG_WARN_INT_CONVERSION = YES;
				CLANG_WARN_NON_LITERAL_NULL_CONVERSION = YES;
				CLANG_WARN_OBJC_IMPLICIT_RETAIN_SELF = YES;
				CLANG_WARN_OBJC_LITERAL_CONVERSION = YES;
				CLANG_WARN_OBJC_ROOT_CLASS = YES_ERROR;
				CLANG_WARN_QUOTED_INCLUDE_IN_FRAMEWORK_HEADER = YES;
				CLANG_WARN_RANGE_LOOP_ANALYSIS = YES;
				CLANG_WARN_STRICT_PROTOTYPES = YES;
				CLANG_WARN_SUSPICIOUS_MOVE = YES;
				CLANG_WARN_UNGUARDED_AVAILABILITY = YES_AGGRESSIVE;
				CLANG_WARN_UNREACHABLE_CODE = YES;
				CLANG_WARN__DUPLICATE_METHOD_MATCH = YES;
				COPY_PHASE_STRIP = NO;
				DEBUG_INFORMATION_FORMAT = dwarf;
				ENABLE_STRICT_OBJC_MSGSEND = YES;
				ENABLE_TESTABILITY = YES;
				GCC_C_LANGUAGE_STANDARD = gnu11;
				GCC_DYNAMIC_NO_PIC = NO;
				GCC_NO_COMMON_BLOCKS = YES;
				GCC_OPTIMIZATION_LEVEL = 0;
				GCC_PREPROCESSOR_DEFINITIONS = (
					"DEBUG=1",
					"$(inherited)",
				);
				GCC_WARN_64_TO_32_BIT_CONVERSION = YES;
				GCC_WARN_ABOUT_RETURN_TYPE = YES_ERROR;
				GCC_WARN_UNDECLARED_SELECTOR = YES;
				GCC_WARN_UNINITIALIZED_AUTOS = YES_AGGRESSIVE;
				GCC_WARN_UNUSED_FUNCTION = YES;
				GCC_WARN_UNUSED_VARIABLE = YES;
				IPHONEOS_DEPLOYMENT_TARGET = 16.4;
				MTL_ENABLE_DEBUG_INFO = INCLUDE_SOURCE;
				MTL_FAST_MATH = YES;
				ONLY_ACTIVE_ARCH = YES;
				SDKROOT = iphoneos;
				SWIFT_ACTIVE_COMPILATION_CONDITIONS = DEBUG;
				SWIFT_OPTIMIZATION_LEVEL = "-Onone";
			};
			name = Debug;
		};
		B6CCBF652A2FC39300B1F194 /* Release */ = {
			isa = XCBuildConfiguration;
			buildSettings = {
				ALWAYS_SEARCH_USER_PATHS = NO;
				CLANG_ANALYZER_NONNULL = YES;
				CLANG_ANALYZER_NUMBER_OBJECT_CONVERSION = YES_AGGRESSIVE;
				CLANG_CXX_LANGUAGE_STANDARD = "gnu++20";
				CLANG_ENABLE_MODULES = YES;
				CLANG_ENABLE_OBJC_ARC = YES;
				CLANG_ENABLE_OBJC_WEAK = YES;
				CLANG_WARN_BLOCK_CAPTURE_AUTORELEASING = YES;
				CLANG_WARN_BOOL_CONVERSION = YES;
				CLANG_WARN_COMMA = YES;
				CLANG_WARN_CONSTANT_CONVERSION = YES;
				CLANG_WARN_DEPRECATED_OBJC_IMPLEMENTATIONS = YES;
				CLANG_WARN_DIRECT_OBJC_ISA_USAGE = YES_ERROR;
				CLANG_WARN_DOCUMENTATION_COMMENTS = YES;
				CLANG_WARN_EMPTY_BODY = YES;
				CLANG_WARN_ENUM_CONVERSION = YES;
				CLANG_WARN_INFINITE_RECURSION = YES;
				CLANG_WARN_INT_CONVERSION = YES;
				CLANG_WARN_NON_LITERAL_NULL_CONVERSION = YES;
				CLANG_WARN_OBJC_IMPLICIT_RETAIN_SELF = YES;
				CLANG_WARN_OBJC_LITERAL_CONVERSION = YES;
				CLANG_WARN_OBJC_ROOT_CLASS = YES_ERROR;
				CLANG_WARN_QUOTED_INCLUDE_IN_FRAMEWORK_HEADER = YES;
				CLANG_WARN_RANGE_LOOP_ANALYSIS = YES;
				CLANG_WARN_STRICT_PROTOTYPES = YES;
				CLANG_WARN_SUSPICIOUS_MOVE = YES;
				CLANG_WARN_UNGUARDED_AVAILABILITY = YES_AGGRESSIVE;
				CLANG_WARN_UNREACHABLE_CODE = YES;
				CLANG_WARN__DUPLICATE_METHOD_MATCH = YES;
				COPY_PHASE_STRIP = NO;
				DEBUG_INFORMATION_FORMAT = "dwarf-with-dsym";
				ENABLE_NS_ASSERTIONS = NO;
				ENABLE_STRICT_OBJC_MSGSEND = YES;
				GCC_C_LANGUAGE_STANDARD = gnu11;
				GCC_NO_COMMON_BLOCKS = YES;
				GCC_WARN_64_TO_32_BIT_CONVERSION = YES;
				GCC_WARN_ABOUT_RETURN_TYPE = YES_ERROR;
				GCC_WARN_UNDECLARED_SELECTOR = YES;
				GCC_WARN_UNINITIALIZED_AUTOS = YES_AGGRESSIVE;
				GCC_WARN_UNUSED_FUNCTION = YES;
				GCC_WARN_UNUSED_VARIABLE = YES;
				IPHONEOS_DEPLOYMENT_TARGET = 16.4;
				MTL_ENABLE_DEBUG_INFO = NO;
				MTL_FAST_MATH = YES;
				SDKROOT = iphoneos;
				SWIFT_COMPILATION_MODE = wholemodule;
				SWIFT_OPTIMIZATION_LEVEL = "-O";
				VALIDATE_PRODUCT = YES;
			};
			name = Release;
		};
		B6CCBF672A2FC39300B1F194 /* Debug */ = {
			isa = XCBuildConfiguration;
			buildSettings = {
				ASSETCATALOG_COMPILER_APPICON_NAME = AppIcon;
				ASSETCATALOG_COMPILER_GLOBAL_ACCENT_COLOR_NAME = AccentColor;
				CODE_SIGN_STYLE = Automatic;
				CURRENT_PROJECT_VERSION = 1;
				GENERATE_INFOPLIST_FILE = YES;
				INFOPLIST_FILE = RickAndMorty/Info.plist;
				INFOPLIST_KEY_CFBundleDisplayName = "Rick & Morty";
				INFOPLIST_KEY_LSApplicationCategoryType = "public.app-category.education";
				INFOPLIST_KEY_UIApplicationSupportsIndirectInputEvents = YES;
				INFOPLIST_KEY_UILaunchStoryboardName = LaunchScreen;
				INFOPLIST_KEY_UISupportedInterfaceOrientations_iPad = "UIInterfaceOrientationPortrait UIInterfaceOrientationPortraitUpsideDown UIInterfaceOrientationLandscapeLeft UIInterfaceOrientationLandscapeRight";
				INFOPLIST_KEY_UISupportedInterfaceOrientations_iPhone = "UIInterfaceOrientationPortrait UIInterfaceOrientationLandscapeLeft UIInterfaceOrientationLandscapeRight";
				LD_RUNPATH_SEARCH_PATHS = (
					"$(inherited)",
					"@executable_path/Frameworks",
				);
				MARKETING_VERSION = 1.0;
				PRODUCT_BUNDLE_IDENTIFIER = com.andrewleonov.RickAndMorty;
				PRODUCT_NAME = "$(TARGET_NAME)";
				SWIFT_EMIT_LOC_STRINGS = YES;
				SWIFT_VERSION = 5.0;
				TARGETED_DEVICE_FAMILY = "1,2";
			};
			name = Debug;
		};
		B6CCBF682A2FC39300B1F194 /* Release */ = {
			isa = XCBuildConfiguration;
			buildSettings = {
				ASSETCATALOG_COMPILER_APPICON_NAME = AppIcon;
				ASSETCATALOG_COMPILER_GLOBAL_ACCENT_COLOR_NAME = AccentColor;
				CODE_SIGN_STYLE = Automatic;
				CURRENT_PROJECT_VERSION = 1;
				GENERATE_INFOPLIST_FILE = YES;
				INFOPLIST_FILE = RickAndMorty/Info.plist;
				INFOPLIST_KEY_CFBundleDisplayName = "Rick & Morty";
				INFOPLIST_KEY_LSApplicationCategoryType = "public.app-category.education";
				INFOPLIST_KEY_UIApplicationSupportsIndirectInputEvents = YES;
				INFOPLIST_KEY_UILaunchStoryboardName = LaunchScreen;
				INFOPLIST_KEY_UISupportedInterfaceOrientations_iPad = "UIInterfaceOrientationPortrait UIInterfaceOrientationPortraitUpsideDown UIInterfaceOrientationLandscapeLeft UIInterfaceOrientationLandscapeRight";
				INFOPLIST_KEY_UISupportedInterfaceOrientations_iPhone = "UIInterfaceOrientationPortrait UIInterfaceOrientationLandscapeLeft UIInterfaceOrientationLandscapeRight";
				LD_RUNPATH_SEARCH_PATHS = (
					"$(inherited)",
					"@executable_path/Frameworks",
				);
				MARKETING_VERSION = 1.0;
				PRODUCT_BUNDLE_IDENTIFIER = com.andrewleonov.RickAndMorty;
				PRODUCT_NAME = "$(TARGET_NAME)";
				SWIFT_EMIT_LOC_STRINGS = YES;
				SWIFT_VERSION = 5.0;
				TARGETED_DEVICE_FAMILY = "1,2";
			};
			name = Release;
		};
/* End XCBuildConfiguration section */

/* Begin XCConfigurationList section */
		B6CCBF4D2A2FC39100B1F194 /* Build configuration list for PBXProject "RickAndMorty" */ = {
			isa = XCConfigurationList;
			buildConfigurations = (
				B6CCBF642A2FC39300B1F194 /* Debug */,
				B6CCBF652A2FC39300B1F194 /* Release */,
			);
			defaultConfigurationIsVisible = 0;
			defaultConfigurationName = Release;
		};
		B6CCBF662A2FC39300B1F194 /* Build configuration list for PBXNativeTarget "RickAndMorty" */ = {
			isa = XCConfigurationList;
			buildConfigurations = (
				B6CCBF672A2FC39300B1F194 /* Debug */,
				B6CCBF682A2FC39300B1F194 /* Release */,
			);
			defaultConfigurationIsVisible = 0;
			defaultConfigurationName = Release;
		};
/* End XCConfigurationList section */
	};
	rootObject = B6CCBF4A2A2FC39100B1F194 /* Project object */;
}
