// !$*UTF8*$!
{
	archiveVersion = 1;
	classes = {
	};
	objectVersion = 56;
	objects = {

/* Begin PBXBuildFile section */
		B62938DF2A3601D100B24EBB /* RMCharacterListViewViewModel.swift in Sources */ = {isa = PBXBuildFile; fileRef = B62938DE2A3601D100B24EBB /* RMCharacterListViewViewModel.swift */; };
		B62938E12A36031F00B24EBB /* RMCharacterListView.swift in Sources */ = {isa = PBXBuildFile; fileRef = B62938E02A36031F00B24EBB /* RMCharacterListView.swift */; };
		B62938E32A360E2C00B24EBB /* Extensions.swift in Sources */ = {isa = PBXBuildFile; fileRef = B62938E22A360E2C00B24EBB /* Extensions.swift */; };
		B6749F6D2A37A97000C7D3FC /* RMCharacterCollectionViewCell.swift in Sources */ = {isa = PBXBuildFile; fileRef = B6749F6C2A37A97000C7D3FC /* RMCharacterCollectionViewCell.swift */; };
		B6749F6F2A37AC8D00C7D3FC /* RMCharacterCollectionViewCellViewModel.swift in Sources */ = {isa = PBXBuildFile; fileRef = B6749F6E2A37AC8D00C7D3FC /* RMCharacterCollectionViewCellViewModel.swift */; };
		B6890F3D2A35186E00F90BDD /* RMGetAllCharactersResponse.swift in Sources */ = {isa = PBXBuildFile; fileRef = B6890F3C2A35186E00F90BDD /* RMGetAllCharactersResponse.swift */; };
		B6B38AC92A30D00A0001FCD3 /* RMOrigin.swift in Sources */ = {isa = PBXBuildFile; fileRef = B6B38AC82A30D00A0001FCD3 /* RMOrigin.swift */; };
		B6B38ACB2A30D1D30001FCD3 /* RMSingleLocation.swift in Sources */ = {isa = PBXBuildFile; fileRef = B6B38ACA2A30D1D30001FCD3 /* RMSingleLocation.swift */; };
		B6B38ACD2A30D51C0001FCD3 /* RMCharacterStatus.swift in Sources */ = {isa = PBXBuildFile; fileRef = B6B38ACC2A30D51C0001FCD3 /* RMCharacterStatus.swift */; };
		B6B38ACF2A30D5C50001FCD3 /* RMCharacterGender.swift in Sources */ = {isa = PBXBuildFile; fileRef = B6B38ACE2A30D5C50001FCD3 /* RMCharacterGender.swift */; };
		B6CCBF562A2FC39100B1F194 /* AppDelegate.swift in Sources */ = {isa = PBXBuildFile; fileRef = B6CCBF552A2FC39100B1F194 /* AppDelegate.swift */; };
		B6CCBF582A2FC39100B1F194 /* SceneDelegate.swift in Sources */ = {isa = PBXBuildFile; fileRef = B6CCBF572A2FC39100B1F194 /* SceneDelegate.swift */; };
		B6CCBF5A2A2FC39100B1F194 /* RMTabBarController.swift in Sources */ = {isa = PBXBuildFile; fileRef = B6CCBF592A2FC39100B1F194 /* RMTabBarController.swift */; };
		B6CCBF5F2A2FC39300B1F194 /* Assets.xcassets in Resources */ = {isa = PBXBuildFile; fileRef = B6CCBF5E2A2FC39300B1F194 /* Assets.xcassets */; };
		B6CCBF622A2FC39300B1F194 /* LaunchScreen.storyboard in Resources */ = {isa = PBXBuildFile; fileRef = B6CCBF602A2FC39300B1F194 /* LaunchScreen.storyboard */; };
		B6CCBF712A2FCA7500B1F194 /* RMLocation.swift in Sources */ = {isa = PBXBuildFile; fileRef = B6CCBF702A2FCA7500B1F194 /* RMLocation.swift */; };
		B6CCBF732A2FCAB200B1F194 /* RMCharacter.swift in Sources */ = {isa = PBXBuildFile; fileRef = B6CCBF722A2FCAB200B1F194 /* RMCharacter.swift */; };
		B6CCBF752A2FCADD00B1F194 /* RMEpisode.swift in Sources */ = {isa = PBXBuildFile; fileRef = B6CCBF742A2FCADD00B1F194 /* RMEpisode.swift */; };
		B6CCBF782A2FCC6E00B1F194 /* RMCharacterViewController.swift in Sources */ = {isa = PBXBuildFile; fileRef = B6CCBF772A2FCC6E00B1F194 /* RMCharacterViewController.swift */; };
		B6CCBF7A2A2FCC9800B1F194 /* RMLocationViewController.swift in Sources */ = {isa = PBXBuildFile; fileRef = B6CCBF792A2FCC9800B1F194 /* RMLocationViewController.swift */; };
		B6CCBF7C2A2FCCC200B1F194 /* RMEpisodeViewController.swift in Sources */ = {isa = PBXBuildFile; fileRef = B6CCBF7B2A2FCCC200B1F194 /* RMEpisodeViewController.swift */; };
		B6CCBF7E2A2FCCF100B1F194 /* RMSettingsViewController.swift in Sources */ = {isa = PBXBuildFile; fileRef = B6CCBF7D2A2FCCF100B1F194 /* RMSettingsViewController.swift */; };
		B6CCBF802A2FF49900B1F194 /* RMService.swift in Sources */ = {isa = PBXBuildFile; fileRef = B6CCBF7F2A2FF49900B1F194 /* RMService.swift */; };
		B6CCBF822A2FF4E000B1F194 /* RMRequest.swift in Sources */ = {isa = PBXBuildFile; fileRef = B6CCBF812A2FF4E000B1F194 /* RMRequest.swift */; };
		B6CCBF842A2FF6EC00B1F194 /* RMEndpoint.swift in Sources */ = {isa = PBXBuildFile; fileRef = B6CCBF832A2FF6EC00B1F194 /* RMEndpoint.swift */; };
/* End PBXBuildFile section */

/* Begin PBXFileReference section */
		B62938DE2A3601D100B24EBB /* RMCharacterListViewViewModel.swift */ = {isa = PBXFileReference; lastKnownFileType = sourcecode.swift; path = RMCharacterListViewViewModel.swift; sourceTree = "<group>"; };
		B62938E02A36031F00B24EBB /* RMCharacterListView.swift */ = {isa = PBXFileReference; lastKnownFileType = sourcecode.swift; path = RMCharacterListView.swift; sourceTree = "<group>"; };
		B62938E22A360E2C00B24EBB /* Extensions.swift */ = {isa = PBXFileReference; lastKnownFileType = sourcecode.swift; path = Extensions.swift; sourceTree = "<group>"; };
		B6749F6C2A37A97000C7D3FC /* RMCharacterCollectionViewCell.swift */ = {isa = PBXFileReference; lastKnownFileType = sourcecode.swift; path = RMCharacterCollectionViewCell.swift; sourceTree = "<group>"; };
		B6749F6E2A37AC8D00C7D3FC /* RMCharacterCollectionViewCellViewModel.swift */ = {isa = PBXFileReference; lastKnownFileType = sourcecode.swift; path = RMCharacterCollectionViewCellViewModel.swift; sourceTree = "<group>"; };
		B6890F3C2A35186E00F90BDD /* RMGetAllCharactersResponse.swift */ = {isa = PBXFileReference; lastKnownFileType = sourcecode.swift; path = RMGetAllCharactersResponse.swift; sourceTree = "<group>"; };
		B6B38AC82A30D00A0001FCD3 /* RMOrigin.swift */ = {isa = PBXFileReference; lastKnownFileType = sourcecode.swift; path = RMOrigin.swift; sourceTree = "<group>"; };
		B6B38ACA2A30D1D30001FCD3 /* RMSingleLocation.swift */ = {isa = PBXFileReference; lastKnownFileType = sourcecode.swift; path = RMSingleLocation.swift; sourceTree = "<group>"; };
		B6B38ACC2A30D51C0001FCD3 /* RMCharacterStatus.swift */ = {isa = PBXFileReference; lastKnownFileType = sourcecode.swift; path = RMCharacterStatus.swift; sourceTree = "<group>"; };
		B6B38ACE2A30D5C50001FCD3 /* RMCharacterGender.swift */ = {isa = PBXFileReference; lastKnownFileType = sourcecode.swift; path = RMCharacterGender.swift; sourceTree = "<group>"; };
		B6CCBF522A2FC39100B1F194 /* RickAndMorty.app */ = {isa = PBXFileReference; explicitFileType = wrapper.application; includeInIndex = 0; path = RickAndMorty.app; sourceTree = BUILT_PRODUCTS_DIR; };
		B6CCBF552A2FC39100B1F194 /* AppDelegate.swift */ = {isa = PBXFileReference; lastKnownFileType = sourcecode.swift; path = AppDelegate.swift; sourceTree = "<group>"; };
		B6CCBF572A2FC39100B1F194 /* SceneDelegate.swift */ = {isa = PBXFileReference; lastKnownFileType = sourcecode.swift; path = SceneDelegate.swift; sourceTree = "<group>"; };
		B6CCBF592A2FC39100B1F194 /* RMTabBarController.swift */ = {isa = PBXFileReference; lastKnownFileType = sourcecode.swift; path = RMTabBarController.swift; sourceTree = "<group>"; };
		B6CCBF5E2A2FC39300B1F194 /* Assets.xcassets */ = {isa = PBXFileReference; lastKnownFileType = folder.assetcatalog; path = Assets.xcassets; sourceTree = "<group>"; };
		B6CCBF612A2FC39300B1F194 /* Base */ = {isa = PBXFileReference; lastKnownFileType = file.storyboard; name = Base; path = Base.lproj/LaunchScreen.storyboard; sourceTree = "<group>"; };
		B6CCBF632A2FC39300B1F194 /* Info.plist */ = {isa = PBXFileReference; lastKnownFileType = text.plist.xml; path = Info.plist; sourceTree = "<group>"; };
		B6CCBF702A2FCA7500B1F194 /* RMLocation.swift */ = {isa = PBXFileReference; lastKnownFileType = sourcecode.swift; path = RMLocation.swift; sourceTree = "<group>"; };
		B6CCBF722A2FCAB200B1F194 /* RMCharacter.swift */ = {isa = PBXFileReference; lastKnownFileType = sourcecode.swift; path = RMCharacter.swift; sourceTree = "<group>"; };
		B6CCBF742A2FCADD00B1F194 /* RMEpisode.swift */ = {isa = PBXFileReference; lastKnownFileType = sourcecode.swift; path = RMEpisode.swift; sourceTree = "<group>"; };
		B6CCBF772A2FCC6E00B1F194 /* RMCharacterViewController.swift */ = {isa = PBXFileReference; lastKnownFileType = sourcecode.swift; path = RMCharacterViewController.swift; sourceTree = "<group>"; };
		B6CCBF792A2FCC9800B1F194 /* RMLocationViewController.swift */ = {isa = PBXFileReference; lastKnownFileType = sourcecode.swift; path = RMLocationViewController.swift; sourceTree = "<group>"; };
		B6CCBF7B2A2FCCC200B1F194 /* RMEpisodeViewController.swift */ = {isa = PBXFileReference; lastKnownFileType = sourcecode.swift; path = RMEpisodeViewController.swift; sourceTree = "<group>"; };
		B6CCBF7D2A2FCCF100B1F194 /* RMSettingsViewController.swift */ = {isa = PBXFileReference; lastKnownFileType = sourcecode.swift; path = RMSettingsViewController.swift; sourceTree = "<group>"; };
		B6CCBF7F2A2FF49900B1F194 /* RMService.swift */ = {isa = PBXFileReference; lastKnownFileType = sourcecode.swift; path = RMService.swift; sourceTree = "<group>"; };
		B6CCBF812A2FF4E000B1F194 /* RMRequest.swift */ = {isa = PBXFileReference; lastKnownFileType = sourcecode.swift; path = RMRequest.swift; sourceTree = "<group>"; };
		B6CCBF832A2FF6EC00B1F194 /* RMEndpoint.swift */ = {isa = PBXFileReference; lastKnownFileType = sourcecode.swift; path = RMEndpoint.swift; sourceTree = "<group>"; };
/* End PBXFileReference section */

/* Begin PBXFrameworksBuildPhase section */
		B6CCBF4F2A2FC39100B1F194 /* Frameworks */ = {
			isa = PBXFrameworksBuildPhase;
			buildActionMask = 2147483647;
			files = (
			);
			runOnlyForDeploymentPostprocessing = 0;
		};
/* End PBXFrameworksBuildPhase section */

/* Begin PBXGroup section */
		B6890F3A2A35178600F90BDD /* DataTypes */ = {
			isa = PBXGroup;
			children = (
				B6CCBF702A2FCA7500B1F194 /* RMLocation.swift */,
				B6CCBF722A2FCAB200B1F194 /* RMCharacter.swift */,
				B6CCBF742A2FCADD00B1F194 /* RMEpisode.swift */,
				B6B38AC82A30D00A0001FCD3 /* RMOrigin.swift */,
				B6B38ACA2A30D1D30001FCD3 /* RMSingleLocation.swift */,
				B6B38ACC2A30D51C0001FCD3 /* RMCharacterStatus.swift */,
				B6B38ACE2A30D5C50001FCD3 /* RMCharacterGender.swift */,
			);
			path = DataTypes;
			sourceTree = "<group>";
		};
		B6890F3B2A3517CF00F90BDD /* APIResponseTypes */ = {
			isa = PBXGroup;
			children = (
				B6890F3C2A35186E00F90BDD /* RMGetAllCharactersResponse.swift */,
			);
			path = APIResponseTypes;
			sourceTree = "<group>";
		};
		B6CCBF492A2FC39100B1F194 = {
			isa = PBXGroup;
			children = (
				B6CCBF542A2FC39100B1F194 /* RickAndMorty */,
				B6CCBF532A2FC39100B1F194 /* Products */,
			);
			sourceTree = "<group>";
		};
		B6CCBF532A2FC39100B1F194 /* Products */ = {
			isa = PBXGroup;
			children = (
				B6CCBF522A2FC39100B1F194 /* RickAndMorty.app */,
			);
			name = Products;
			sourceTree = "<group>";
		};
		B6CCBF542A2FC39100B1F194 /* RickAndMorty */ = {
			isa = PBXGroup;
			children = (
				B6CCBF6F2A2FC87300B1F194 /* Resources */,
				B6CCBF6E2A2FC85000B1F194 /* Managers */,
				B6CCBF6D2A2FC7F700B1F194 /* APIClient */,
				B6CCBF6C2A2FC7DC00B1F194 /* ViewModels */,
				B6CCBF6B2A2FC7C800B1F194 /* Views */,
				B6CCBF6A2A2FC7B500B1F194 /* Models */,
				B6CCBF692A2FC78D00B1F194 /* Controllers */,
				B6CCBF632A2FC39300B1F194 /* Info.plist */,
			);
			path = RickAndMorty;
			sourceTree = "<group>";
		};
		B6CCBF692A2FC78D00B1F194 /* Controllers */ = {
			isa = PBXGroup;
			children = (
				B6CCBF762A2FCBDF00B1F194 /* Core */,
			);
			path = Controllers;
			sourceTree = "<group>";
		};
		B6CCBF6A2A2FC7B500B1F194 /* Models */ = {
			isa = PBXGroup;
			children = (
				B6890F3B2A3517CF00F90BDD /* APIResponseTypes */,
				B6890F3A2A35178600F90BDD /* DataTypes */,
			);
			path = Models;
			sourceTree = "<group>";
		};
		B6CCBF6B2A2FC7C800B1F194 /* Views */ = {
			isa = PBXGroup;
			children = (
				B62938E02A36031F00B24EBB /* RMCharacterListView.swift */,
				B6749F6C2A37A97000C7D3FC /* RMCharacterCollectionViewCell.swift */,
			);
			path = Views;
			sourceTree = "<group>";
		};
		B6CCBF6C2A2FC7DC00B1F194 /* ViewModels */ = {
			isa = PBXGroup;
			children = (
				B62938DE2A3601D100B24EBB /* RMCharacterListViewViewModel.swift */,
				B6749F6E2A37AC8D00C7D3FC /* RMCharacterCollectionViewCellViewModel.swift */,
			);
			path = ViewModels;
			sourceTree = "<group>";
		};
		B6CCBF6D2A2FC7F700B1F194 /* APIClient */ = {
			isa = PBXGroup;
			children = (
				B6CCBF7F2A2FF49900B1F194 /* RMService.swift */,
				B6CCBF812A2FF4E000B1F194 /* RMRequest.swift */,
				B6CCBF832A2FF6EC00B1F194 /* RMEndpoint.swift */,
			);
			path = APIClient;
			sourceTree = "<group>";
		};
		B6CCBF6E2A2FC85000B1F194 /* Managers */ = {
			isa = PBXGroup;
			children = (
			);
			path = Managers;
			sourceTree = "<group>";
		};
		B6CCBF6F2A2FC87300B1F194 /* Resources */ = {
			isa = PBXGroup;
			children = (
				B6CCBF5E2A2FC39300B1F194 /* Assets.xcassets */,
				B6CCBF602A2FC39300B1F194 /* LaunchScreen.storyboard */,
				B6CCBF552A2FC39100B1F194 /* AppDelegate.swift */,
				B6CCBF572A2FC39100B1F194 /* SceneDelegate.swift */,
				B62938E22A360E2C00B24EBB /* Extensions.swift */,
			);
			path = Resources;
			sourceTree = "<group>";
		};
		B6CCBF762A2FCBDF00B1F194 /* Core */ = {
			isa = PBXGroup;
			children = (
				B6CCBF592A2FC39100B1F194 /* RMTabBarController.swift */,
				B6CCBF772A2FCC6E00B1F194 /* RMCharacterViewController.swift */,
				B6CCBF792A2FCC9800B1F194 /* RMLocationViewController.swift */,
				B6CCBF7B2A2FCCC200B1F194 /* RMEpisodeViewController.swift */,
				B6CCBF7D2A2FCCF100B1F194 /* RMSettingsViewController.swift */,
			);
			path = Core;
			sourceTree = "<group>";
		};
/* End PBXGroup section */

/* Begin PBXNativeTarget section */
		B6CCBF512A2FC39100B1F194 /* RickAndMorty */ = {
			isa = PBXNativeTarget;
			buildConfigurationList = B6CCBF662A2FC39300B1F194 /* Build configuration list for PBXNativeTarget "RickAndMorty" */;
			buildPhases = (
				B6CCBF4E2A2FC39100B1F194 /* Sources */,
				B6CCBF4F2A2FC39100B1F194 /* Frameworks */,
				B6CCBF502A2FC39100B1F194 /* Resources */,
			);
			buildRules = (
			);
			dependencies = (
			);
			name = RickAndMorty;
			productName = RickAndMorty;
			productReference = B6CCBF522A2FC39100B1F194 /* RickAndMorty.app */;
			productType = "com.apple.product-type.application";
		};
/* End PBXNativeTarget section */

/* Begin PBXProject section */
		B6CCBF4A2A2FC39100B1F194 /* Project object */ = {
			isa = PBXProject;
			attributes = {
				BuildIndependentTargetsInParallel = 1;
				LastSwiftUpdateCheck = 1430;
				LastUpgradeCheck = 1430;
				TargetAttributes = {
					B6CCBF512A2FC39100B1F194 = {
						CreatedOnToolsVersion = 14.3.1;
					};
				};
			};
			buildConfigurationList = B6CCBF4D2A2FC39100B1F194 /* Build configuration list for PBXProject "RickAndMorty" */;
			compatibilityVersion = "Xcode 14.0";
			developmentRegion = en;
			hasScannedForEncodings = 0;
			knownRegions = (
				en,
				Base,
			);
			mainGroup = B6CCBF492A2FC39100B1F194;
			productRefGroup = B6CCBF532A2FC39100B1F194 /* Products */;
			projectDirPath = "";
			projectRoot = "";
			targets = (
				B6CCBF512A2FC39100B1F194 /* RickAndMorty */,
			);
		};
/* End PBXProject section */

/* Begin PBXResourcesBuildPhase section */
		B6CCBF502A2FC39100B1F194 /* Resources */ = {
			isa = PBXResourcesBuildPhase;
			buildActionMask = 2147483647;
			files = (
				B6CCBF622A2FC39300B1F194 /* LaunchScreen.storyboard in Resources */,
				B6CCBF5F2A2FC39300B1F194 /* Assets.xcassets in Resources */,
			);
			runOnlyForDeploymentPostprocessing = 0;
		};
/* End PBXResourcesBuildPhase section */

/* Begin PBXSourcesBuildPhase section */
		B6CCBF4E2A2FC39100B1F194 /* Sources */ = {
			isa = PBXSourcesBuildPhase;
			buildActionMask = 2147483647;
			files = (
				B6B38AC92A30D00A0001FCD3 /* RMOrigin.swift in Sources */,
				B6B38ACB2A30D1D30001FCD3 /* RMSingleLocation.swift in Sources */,
				B62938E12A36031F00B24EBB /* RMCharacterListView.swift in Sources */,
				B6890F3D2A35186E00F90BDD /* RMGetAllCharactersResponse.swift in Sources */,
				B6B38ACD2A30D51C0001FCD3 /* RMCharacterStatus.swift in Sources */,
				B6B38ACF2A30D5C50001FCD3 /* RMCharacterGender.swift in Sources */,
				B6CCBF7A2A2FCC9800B1F194 /* RMLocationViewController.swift in Sources */,
				B6CCBF752A2FCADD00B1F194 /* RMEpisode.swift in Sources */,
				B6CCBF5A2A2FC39100B1F194 /* RMTabBarController.swift in Sources */,
				B6749F6D2A37A97000C7D3FC /* RMCharacterCollectionViewCell.swift in Sources */,
				B6CCBF7C2A2FCCC200B1F194 /* RMEpisodeViewController.swift in Sources */,
				B6CCBF562A2FC39100B1F194 /* AppDelegate.swift in Sources */,
				B6CCBF582A2FC39100B1F194 /* SceneDelegate.swift in Sources */,
				B6CCBF7E2A2FCCF100B1F194 /* RMSettingsViewController.swift in Sources */,
				B62938E32A360E2C00B24EBB /* Extensions.swift in Sources */,
				B6CCBF802A2FF49900B1F194 /* RMService.swift in Sources */,
				B6CCBF712A2FCA7500B1F194 /* RMLocation.swift in Sources */,
				B6CCBF842A2FF6EC00B1F194 /* RMEndpoint.swift in Sources */,
				B6CCBF732A2FCAB200B1F194 /* RMCharacter.swift in Sources */,
				B6749F6F2A37AC8D00C7D3FC /* RMCharacterCollectionViewCellViewModel.swift in Sources */,
				B6CCBF822A2FF4E000B1F194 /* RMRequest.swift in Sources */,
				B62938DF2A3601D100B24EBB /* RMCharacterListViewViewModel.swift in Sources */,
				B6CCBF782A2FCC6E00B1F194 /* RMCharacterViewController.swift in Sources */,
			);
			runOnlyForDeploymentPostprocessing = 0;
		};
/* End PBXSourcesBuildPhase section */

/* Begin PBXVariantGroup section */
		B6CCBF602A2FC39300B1F194 /* LaunchScreen.storyboard */ = {
			isa = PBXVariantGroup;
			children = (
				B6CCBF612A2FC39300B1F194 /* Base */,
			);
			name = LaunchScreen.storyboard;
			sourceTree = "<group>";
		};
/* End PBXVariantGroup section */

/* Begin XCBuildConfiguration section */
		B6CCBF642A2FC39300B1F194 /* Debug */ = {
			isa = XCBuildConfiguration;
			buildSettings = {
				ALWAYS_SEARCH_USER_PATHS = NO;
				CLANG_ANALYZER_NONNULL = YES;
				CLANG_ANALYZER_NUMBER_OBJECT_CONVERSION = YES_AGGRESSIVE;
				CLANG_CXX_LANGUAGE_STANDARD = "gnu++20";
				CLANG_ENABLE_MODULES = YES;
				CLANG_ENABLE_OBJC_ARC = YES;
				CLANG_ENABLE_OBJC_WEAK = YES;
				CLANG_WARN_BLOCK_CAPTURE_AUTORELEASING = YES;
				CLANG_WARN_BOOL_CONVERSION = YES;
				CLANG_WARN_COMMA = YES;
				CLANG_WARN_CONSTANT_CONVERSION = YES;
				CLANG_WARN_DEPRECATED_OBJC_IMPLEMENTATIONS = YES;
				CLANG_WARN_DIRECT_OBJC_ISA_USAGE = YES_ERROR;
				CLANG_WARN_DOCUMENTATION_COMMENTS = YES;
				CLANG_WARN_EMPTY_BODY = YES;
				CLANG_WARN_ENUM_CONVERSION = YES;
				CLANG_WARN_INFINITE_RECURSION = YES;
				CLANG_WARN_INT_CONVERSION = YES;
				CLANG_WARN_NON_LITERAL_NULL_CONVERSION = YES;
				CLANG_WARN_OBJC_IMPLICIT_RETAIN_SELF = YES;
				CLANG_WARN_OBJC_LITERAL_CONVERSION = YES;
				CLANG_WARN_OBJC_ROOT_CLASS = YES_ERROR;
				CLANG_WARN_QUOTED_INCLUDE_IN_FRAMEWORK_HEADER = YES;
				CLANG_WARN_RANGE_LOOP_ANALYSIS = YES;
				CLANG_WARN_STRICT_PROTOTYPES = YES;
				CLANG_WARN_SUSPICIOUS_MOVE = YES;
				CLANG_WARN_UNGUARDED_AVAILABILITY = YES_AGGRESSIVE;
				CLANG_WARN_UNREACHABLE_CODE = YES;
				CLANG_WARN__DUPLICATE_METHOD_MATCH = YES;
				COPY_PHASE_STRIP = NO;
				DEBUG_INFORMATION_FORMAT = dwarf;
				ENABLE_STRICT_OBJC_MSGSEND = YES;
				ENABLE_TESTABILITY = YES;
				GCC_C_LANGUAGE_STANDARD = gnu11;
				GCC_DYNAMIC_NO_PIC = NO;
				GCC_NO_COMMON_BLOCKS = YES;
				GCC_OPTIMIZATION_LEVEL = 0;
				GCC_PREPROCESSOR_DEFINITIONS = (
					"DEBUG=1",
					"$(inherited)",
				);
				GCC_WARN_64_TO_32_BIT_CONVERSION = YES;
				GCC_WARN_ABOUT_RETURN_TYPE = YES_ERROR;
				GCC_WARN_UNDECLARED_SELECTOR = YES;
				GCC_WARN_UNINITIALIZED_AUTOS = YES_AGGRESSIVE;
				GCC_WARN_UNUSED_FUNCTION = YES;
				GCC_WARN_UNUSED_VARIABLE = YES;
				IPHONEOS_DEPLOYMENT_TARGET = 16.4;
				MTL_ENABLE_DEBUG_INFO = INCLUDE_SOURCE;
				MTL_FAST_MATH = YES;
				ONLY_ACTIVE_ARCH = YES;
				SDKROOT = iphoneos;
				SWIFT_ACTIVE_COMPILATION_CONDITIONS = DEBUG;
				SWIFT_OPTIMIZATION_LEVEL = "-Onone";
			};
			name = Debug;
		};
		B6CCBF652A2FC39300B1F194 /* Release */ = {
			isa = XCBuildConfiguration;
			buildSettings = {
				ALWAYS_SEARCH_USER_PATHS = NO;
				CLANG_ANALYZER_NONNULL = YES;
				CLANG_ANALYZER_NUMBER_OBJECT_CONVERSION = YES_AGGRESSIVE;
				CLANG_CXX_LANGUAGE_STANDARD = "gnu++20";
				CLANG_ENABLE_MODULES = YES;
				CLANG_ENABLE_OBJC_ARC = YES;
				CLANG_ENABLE_OBJC_WEAK = YES;
				CLANG_WARN_BLOCK_CAPTURE_AUTORELEASING = YES;
				CLANG_WARN_BOOL_CONVERSION = YES;
				CLANG_WARN_COMMA = YES;
				CLANG_WARN_CONSTANT_CONVERSION = YES;
				CLANG_WARN_DEPRECATED_OBJC_IMPLEMENTATIONS = YES;
				CLANG_WARN_DIRECT_OBJC_ISA_USAGE = YES_ERROR;
				CLANG_WARN_DOCUMENTATION_COMMENTS = YES;
				CLANG_WARN_EMPTY_BODY = YES;
				CLANG_WARN_ENUM_CONVERSION = YES;
				CLANG_WARN_INFINITE_RECURSION = YES;
				CLANG_WARN_INT_CONVERSION = YES;
				CLANG_WARN_NON_LITERAL_NULL_CONVERSION = YES;
				CLANG_WARN_OBJC_IMPLICIT_RETAIN_SELF = YES;
				CLANG_WARN_OBJC_LITERAL_CONVERSION = YES;
				CLANG_WARN_OBJC_ROOT_CLASS = YES_ERROR;
				CLANG_WARN_QUOTED_INCLUDE_IN_FRAMEWORK_HEADER = YES;
				CLANG_WARN_RANGE_LOOP_ANALYSIS = YES;
				CLANG_WARN_STRICT_PROTOTYPES = YES;
				CLANG_WARN_SUSPICIOUS_MOVE = YES;
				CLANG_WARN_UNGUARDED_AVAILABILITY = YES_AGGRESSIVE;
				CLANG_WARN_UNREACHABLE_CODE = YES;
				CLANG_WARN__DUPLICATE_METHOD_MATCH = YES;
				COPY_PHASE_STRIP = NO;
				DEBUG_INFORMATION_FORMAT = "dwarf-with-dsym";
				ENABLE_NS_ASSERTIONS = NO;
				ENABLE_STRICT_OBJC_MSGSEND = YES;
				GCC_C_LANGUAGE_STANDARD = gnu11;
				GCC_NO_COMMON_BLOCKS = YES;
				GCC_WARN_64_TO_32_BIT_CONVERSION = YES;
				GCC_WARN_ABOUT_RETURN_TYPE = YES_ERROR;
				GCC_WARN_UNDECLARED_SELECTOR = YES;
				GCC_WARN_UNINITIALIZED_AUTOS = YES_AGGRESSIVE;
				GCC_WARN_UNUSED_FUNCTION = YES;
				GCC_WARN_UNUSED_VARIABLE = YES;
				IPHONEOS_DEPLOYMENT_TARGET = 16.4;
				MTL_ENABLE_DEBUG_INFO = NO;
				MTL_FAST_MATH = YES;
				SDKROOT = iphoneos;
				SWIFT_COMPILATION_MODE = wholemodule;
				SWIFT_OPTIMIZATION_LEVEL = "-O";
				VALIDATE_PRODUCT = YES;
			};
			name = Release;
		};
		B6CCBF672A2FC39300B1F194 /* Debug */ = {
			isa = XCBuildConfiguration;
			buildSettings = {
				ASSETCATALOG_COMPILER_APPICON_NAME = AppIcon;
				ASSETCATALOG_COMPILER_GLOBAL_ACCENT_COLOR_NAME = AccentColor;
				CODE_SIGN_STYLE = Automatic;
				CURRENT_PROJECT_VERSION = 1;
				GENERATE_INFOPLIST_FILE = YES;
				INFOPLIST_FILE = RickAndMorty/Info.plist;
				INFOPLIST_KEY_UIApplicationSupportsIndirectInputEvents = YES;
				INFOPLIST_KEY_UILaunchStoryboardName = LaunchScreen;
				INFOPLIST_KEY_UISupportedInterfaceOrientations_iPad = "UIInterfaceOrientationPortrait UIInterfaceOrientationPortraitUpsideDown UIInterfaceOrientationLandscapeLeft UIInterfaceOrientationLandscapeRight";
				INFOPLIST_KEY_UISupportedInterfaceOrientations_iPhone = "UIInterfaceOrientationPortrait UIInterfaceOrientationLandscapeLeft UIInterfaceOrientationLandscapeRight";
				LD_RUNPATH_SEARCH_PATHS = (
					"$(inherited)",
					"@executable_path/Frameworks",
				);
				MARKETING_VERSION = 1.0;
				PRODUCT_BUNDLE_IDENTIFIER = com.andrewleonov.RickAndMorty;
				PRODUCT_NAME = "$(TARGET_NAME)";
				SWIFT_EMIT_LOC_STRINGS = YES;
				SWIFT_VERSION = 5.0;
				TARGETED_DEVICE_FAMILY = "1,2";
			};
			name = Debug;
		};
		B6CCBF682A2FC39300B1F194 /* Release */ = {
			isa = XCBuildConfiguration;
			buildSettings = {
				ASSETCATALOG_COMPILER_APPICON_NAME = AppIcon;
				ASSETCATALOG_COMPILER_GLOBAL_ACCENT_COLOR_NAME = AccentColor;
				CODE_SIGN_STYLE = Automatic;
				CURRENT_PROJECT_VERSION = 1;
				GENERATE_INFOPLIST_FILE = YES;
				INFOPLIST_FILE = RickAndMorty/Info.plist;
				INFOPLIST_KEY_UIApplicationSupportsIndirectInputEvents = YES;
				INFOPLIST_KEY_UILaunchStoryboardName = LaunchScreen;
				INFOPLIST_KEY_UISupportedInterfaceOrientations_iPad = "UIInterfaceOrientationPortrait UIInterfaceOrientationPortraitUpsideDown UIInterfaceOrientationLandscapeLeft UIInterfaceOrientationLandscapeRight";
				INFOPLIST_KEY_UISupportedInterfaceOrientations_iPhone = "UIInterfaceOrientationPortrait UIInterfaceOrientationLandscapeLeft UIInterfaceOrientationLandscapeRight";
				LD_RUNPATH_SEARCH_PATHS = (
					"$(inherited)",
					"@executable_path/Frameworks",
				);
				MARKETING_VERSION = 1.0;
				PRODUCT_BUNDLE_IDENTIFIER = com.andrewleonov.RickAndMorty;
				PRODUCT_NAME = "$(TARGET_NAME)";
				SWIFT_EMIT_LOC_STRINGS = YES;
				SWIFT_VERSION = 5.0;
				TARGETED_DEVICE_FAMILY = "1,2";
			};
			name = Release;
		};
/* End XCBuildConfiguration section */

/* Begin XCConfigurationList section */
		B6CCBF4D2A2FC39100B1F194 /* Build configuration list for PBXProject "RickAndMorty" */ = {
			isa = XCConfigurationList;
			buildConfigurations = (
				B6CCBF642A2FC39300B1F194 /* Debug */,
				B6CCBF652A2FC39300B1F194 /* Release */,
			);
			defaultConfigurationIsVisible = 0;
			defaultConfigurationName = Release;
		};
		B6CCBF662A2FC39300B1F194 /* Build configuration list for PBXNativeTarget "RickAndMorty" */ = {
			isa = XCConfigurationList;
			buildConfigurations = (
				B6CCBF672A2FC39300B1F194 /* Debug */,
				B6CCBF682A2FC39300B1F194 /* Release */,
			);
			defaultConfigurationIsVisible = 0;
			defaultConfigurationName = Release;
		};
/* End XCConfigurationList section */
	};
	rootObject = B6CCBF4A2A2FC39100B1F194 /* Project object */;
}
